// !$*UTF8*$!
{
	archiveVersion = 1;
	classes = {
	};
	objectVersion = 46;
	objects = {

/* Begin PBXBuildFile section */
		15E3DB311A6B04BA002F4F4C /* main.m in Sources */ = {isa = PBXBuildFile; fileRef = 15E3DB301A6B04BA002F4F4C /* main.m */; };
		15E3DB341A6B04BA002F4F4C /* MCAppDelegate.m in Sources */ = {isa = PBXBuildFile; fileRef = 15E3DB331A6B04BA002F4F4C /* MCAppDelegate.m */; };
		15E3DB3F1A6B04BA002F4F4C /* Images.xcassets in Resources */ = {isa = PBXBuildFile; fileRef = 15E3DB3E1A6B04BA002F4F4C /* Images.xcassets */; };
		15E3DB421A6B04BA002F4F4C /* LaunchScreen.xib in Resources */ = {isa = PBXBuildFile; fileRef = 15E3DB401A6B04BA002F4F4C /* LaunchScreen.xib */; };
		15E3DB4E1A6B04BA002F4F4C /* motchaTests.m in Sources */ = {isa = PBXBuildFile; fileRef = 15E3DB4D1A6B04BA002F4F4C /* motchaTests.m */; };
		476EE6F31A75F9240065833F /* Images.xcassets in Resources */ = {isa = PBXBuildFile; fileRef = 476EE6F21A75F9240065833F /* Images.xcassets */; };
		47E912EA1A84596D0055AB69 /* MCWebContentService.m in Sources */ = {isa = PBXBuildFile; fileRef = 47E912E91A84596D0055AB69 /* MCWebContentService.m */; };
		47E912ED1A8459BD0055AB69 /* MCNewsDetailsObject.m in Sources */ = {isa = PBXBuildFile; fileRef = 47E912EC1A8459BD0055AB69 /* MCNewsDetailsObject.m */; };
		47E9132F1A845FFB0055AB69 /* libxml2.2.dylib in Frameworks */ = {isa = PBXBuildFile; fileRef = 47E9132E1A845FFB0055AB69 /* libxml2.2.dylib */; };
		47E913321A84605D0055AB69 /* MCWebContentParser.m in Sources */ = {isa = PBXBuildFile; fileRef = 47E913311A84605D0055AB69 /* MCWebContentParser.m */; };
		47E9133E1A8466770055AB69 /* libxml2.dylib in Frameworks */ = {isa = PBXBuildFile; fileRef = 47E9133D1A8466770055AB69 /* libxml2.dylib */; };
		47E913461A847D110055AB69 /* HTMLNode.m in Sources */ = {isa = PBXBuildFile; fileRef = 47E913431A847D110055AB69 /* HTMLNode.m */; };
		47E913471A847D110055AB69 /* HTMLParser.m in Sources */ = {isa = PBXBuildFile; fileRef = 47E913451A847D110055AB69 /* HTMLParser.m */; };
		47E9134D1A8487710055AB69 /* MCParsedHTMLNode.m in Sources */ = {isa = PBXBuildFile; fileRef = 47E9134C1A8487710055AB69 /* MCParsedHTMLNode.m */; };
		E0B343C31A773F030081BE95 /* MCIntroCell.m in Sources */ = {isa = PBXBuildFile; fileRef = E0B343B71A773F030081BE95 /* MCIntroCell.m */; };
		E0B343C41A773F030081BE95 /* MCIntroCell.xib in Resources */ = {isa = PBXBuildFile; fileRef = E0B343B81A773F030081BE95 /* MCIntroCell.xib */; };
		E0B343C51A773F030081BE95 /* MCIntroCollectionViewLayout.m in Sources */ = {isa = PBXBuildFile; fileRef = E0B343BA1A773F030081BE95 /* MCIntroCollectionViewLayout.m */; };
		E0B343C61A773F030081BE95 /* MCIntroFooter.m in Sources */ = {isa = PBXBuildFile; fileRef = E0B343BC1A773F030081BE95 /* MCIntroFooter.m */; };
		E0B343C71A773F030081BE95 /* MCIntroFooter.xib in Resources */ = {isa = PBXBuildFile; fileRef = E0B343BD1A773F030081BE95 /* MCIntroFooter.xib */; };
		E0B343C81A773F030081BE95 /* MCIntroHeader.m in Sources */ = {isa = PBXBuildFile; fileRef = E0B343BF1A773F030081BE95 /* MCIntroHeader.m */; };
		E0B343C91A773F030081BE95 /* MCIntroHeader.xib in Resources */ = {isa = PBXBuildFile; fileRef = E0B343C01A773F030081BE95 /* MCIntroHeader.xib */; };
		E0B343CA1A773F030081BE95 /* MCIntroViewController.m in Sources */ = {isa = PBXBuildFile; fileRef = E0B343C21A773F030081BE95 /* MCIntroViewController.m */; };
/* End PBXBuildFile section */

/* Begin PBXContainerItemProxy section */
		15E3DB481A6B04BA002F4F4C /* PBXContainerItemProxy */ = {
			isa = PBXContainerItemProxy;
			containerPortal = 15E3DB231A6B04BA002F4F4C /* Project object */;
			proxyType = 1;
			remoteGlobalIDString = 15E3DB2A1A6B04BA002F4F4C;
			remoteInfo = motcha;
		};
/* End PBXContainerItemProxy section */

/* Begin PBXFileReference section */
		15E3DB2B1A6B04BA002F4F4C /* motcha.app */ = {isa = PBXFileReference; explicitFileType = wrapper.application; includeInIndex = 0; path = motcha.app; sourceTree = BUILT_PRODUCTS_DIR; };
		15E3DB2F1A6B04BA002F4F4C /* Info.plist */ = {isa = PBXFileReference; lastKnownFileType = text.plist.xml; path = Info.plist; sourceTree = "<group>"; };
		15E3DB301A6B04BA002F4F4C /* main.m */ = {isa = PBXFileReference; lastKnownFileType = sourcecode.c.objc; path = main.m; sourceTree = "<group>"; };
		15E3DB321A6B04BA002F4F4C /* MCAppDelegate.h */ = {isa = PBXFileReference; lastKnownFileType = sourcecode.c.h; path = MCAppDelegate.h; sourceTree = "<group>"; };
		15E3DB331A6B04BA002F4F4C /* MCAppDelegate.m */ = {isa = PBXFileReference; lastKnownFileType = sourcecode.c.objc; path = MCAppDelegate.m; sourceTree = "<group>"; };
		15E3DB3E1A6B04BA002F4F4C /* Images.xcassets */ = {isa = PBXFileReference; lastKnownFileType = folder.assetcatalog; path = Images.xcassets; sourceTree = "<group>"; };
		15E3DB411A6B04BA002F4F4C /* Base */ = {isa = PBXFileReference; lastKnownFileType = file.xib; name = Base; path = Base.lproj/LaunchScreen.xib; sourceTree = "<group>"; };
		15E3DB471A6B04BA002F4F4C /* motchaTests.xctest */ = {isa = PBXFileReference; explicitFileType = wrapper.cfbundle; includeInIndex = 0; path = motchaTests.xctest; sourceTree = BUILT_PRODUCTS_DIR; };
		15E3DB4C1A6B04BA002F4F4C /* Info.plist */ = {isa = PBXFileReference; lastKnownFileType = text.plist.xml; path = Info.plist; sourceTree = "<group>"; };
		15E3DB4D1A6B04BA002F4F4C /* motchaTests.m */ = {isa = PBXFileReference; lastKnownFileType = sourcecode.c.objc; path = motchaTests.m; sourceTree = "<group>"; };
		283682A71FB25678856A2E93 /* Pods-motcha.release.xcconfig */ = {isa = PBXFileReference; includeInIndex = 1; lastKnownFileType = text.xcconfig; name = "Pods-motcha.release.xcconfig"; path = "Pods/Target Support Files/Pods-motcha/Pods-motcha.release.xcconfig"; sourceTree = "<group>"; };
		476EE6F21A75F9240065833F /* Images.xcassets */ = {isa = PBXFileReference; lastKnownFileType = folder.assetcatalog; name = Images.xcassets; path = motcha/Images.xcassets; sourceTree = "<group>"; };
		47E912E81A84596D0055AB69 /* MCWebContentService.h */ = {isa = PBXFileReference; fileEncoding = 4; lastKnownFileType = sourcecode.c.h; name = MCWebContentService.h; path = Network/MCWebContentService.h; sourceTree = "<group>"; };
		47E912E91A84596D0055AB69 /* MCWebContentService.m */ = {isa = PBXFileReference; fileEncoding = 4; lastKnownFileType = sourcecode.c.objc; name = MCWebContentService.m; path = Network/MCWebContentService.m; sourceTree = "<group>"; };
		47E912EB1A8459BD0055AB69 /* MCNewsDetailsObject.h */ = {isa = PBXFileReference; fileEncoding = 4; lastKnownFileType = sourcecode.c.h; name = MCNewsDetailsObject.h; path = DataModel/MCNewsDetailsObject.h; sourceTree = "<group>"; };
		47E912EC1A8459BD0055AB69 /* MCNewsDetailsObject.m */ = {isa = PBXFileReference; fileEncoding = 4; lastKnownFileType = sourcecode.c.objc; name = MCNewsDetailsObject.m; path = DataModel/MCNewsDetailsObject.m; sourceTree = "<group>"; };
		47E9132E1A845FFB0055AB69 /* libxml2.2.dylib */ = {isa = PBXFileReference; lastKnownFileType = "compiled.mach-o.dylib"; name = libxml2.2.dylib; path = usr/lib/libxml2.2.dylib; sourceTree = SDKROOT; };
		47E913301A84605D0055AB69 /* MCWebContentParser.h */ = {isa = PBXFileReference; fileEncoding = 4; lastKnownFileType = sourcecode.c.h; name = MCWebContentParser.h; path = Network/MCWebContentParser.h; sourceTree = "<group>"; };
		47E913311A84605D0055AB69 /* MCWebContentParser.m */ = {isa = PBXFileReference; fileEncoding = 4; lastKnownFileType = sourcecode.c.objc; name = MCWebContentParser.m; path = Network/MCWebContentParser.m; sourceTree = "<group>"; };
		47E9133D1A8466770055AB69 /* libxml2.dylib */ = {isa = PBXFileReference; lastKnownFileType = "compiled.mach-o.dylib"; name = libxml2.dylib; path = usr/lib/libxml2.dylib; sourceTree = SDKROOT; };
		47E913421A847D110055AB69 /* HTMLNode.h */ = {isa = PBXFileReference; fileEncoding = 4; lastKnownFileType = sourcecode.c.h; name = HTMLNode.h; path = ThirdParty/HTMLNode.h; sourceTree = "<group>"; };
		47E913431A847D110055AB69 /* HTMLNode.m */ = {isa = PBXFileReference; fileEncoding = 4; lastKnownFileType = sourcecode.c.objc; name = HTMLNode.m; path = ThirdParty/HTMLNode.m; sourceTree = "<group>"; };
		47E913441A847D110055AB69 /* HTMLParser.h */ = {isa = PBXFileReference; fileEncoding = 4; lastKnownFileType = sourcecode.c.h; name = HTMLParser.h; path = ThirdParty/HTMLParser.h; sourceTree = "<group>"; };
		47E913451A847D110055AB69 /* HTMLParser.m */ = {isa = PBXFileReference; fileEncoding = 4; lastKnownFileType = sourcecode.c.objc; name = HTMLParser.m; path = ThirdParty/HTMLParser.m; sourceTree = "<group>"; };
		47E9134B1A8487710055AB69 /* MCParsedHTMLNode.h */ = {isa = PBXFileReference; fileEncoding = 4; lastKnownFileType = sourcecode.c.h; name = MCParsedHTMLNode.h; path = DataModel/MCParsedHTMLNode.h; sourceTree = "<group>"; };
		47E9134C1A8487710055AB69 /* MCParsedHTMLNode.m */ = {isa = PBXFileReference; fileEncoding = 4; lastKnownFileType = sourcecode.c.objc; name = MCParsedHTMLNode.m; path = DataModel/MCParsedHTMLNode.m; sourceTree = "<group>"; };
		553B1E2B6F644288AA253CF3 /* Pods-motcha.debug.xcconfig */ = {isa = PBXFileReference; includeInIndex = 1; lastKnownFileType = text.xcconfig; name = "Pods-motcha.debug.xcconfig"; path = "Pods/Target Support Files/Pods-motcha/Pods-motcha.debug.xcconfig"; sourceTree = "<group>"; };
		E0B343B61A773F030081BE95 /* MCIntroCell.h */ = {isa = PBXFileReference; fileEncoding = 4; lastKnownFileType = sourcecode.c.h; path = MCIntroCell.h; sourceTree = "<group>"; };
		E0B343B71A773F030081BE95 /* MCIntroCell.m */ = {isa = PBXFileReference; fileEncoding = 4; lastKnownFileType = sourcecode.c.objc; path = MCIntroCell.m; sourceTree = "<group>"; };
		E0B343B81A773F030081BE95 /* MCIntroCell.xib */ = {isa = PBXFileReference; fileEncoding = 4; lastKnownFileType = file.xib; path = MCIntroCell.xib; sourceTree = "<group>"; };
		E0B343B91A773F030081BE95 /* MCIntroCollectionViewLayout.h */ = {isa = PBXFileReference; fileEncoding = 4; lastKnownFileType = sourcecode.c.h; path = MCIntroCollectionViewLayout.h; sourceTree = "<group>"; };
		E0B343BA1A773F030081BE95 /* MCIntroCollectionViewLayout.m */ = {isa = PBXFileReference; fileEncoding = 4; lastKnownFileType = sourcecode.c.objc; path = MCIntroCollectionViewLayout.m; sourceTree = "<group>"; };
		E0B343BB1A773F030081BE95 /* MCIntroFooter.h */ = {isa = PBXFileReference; fileEncoding = 4; lastKnownFileType = sourcecode.c.h; path = MCIntroFooter.h; sourceTree = "<group>"; };
		E0B343BC1A773F030081BE95 /* MCIntroFooter.m */ = {isa = PBXFileReference; fileEncoding = 4; lastKnownFileType = sourcecode.c.objc; path = MCIntroFooter.m; sourceTree = "<group>"; };
		E0B343BD1A773F030081BE95 /* MCIntroFooter.xib */ = {isa = PBXFileReference; fileEncoding = 4; lastKnownFileType = file.xib; path = MCIntroFooter.xib; sourceTree = "<group>"; };
		E0B343BE1A773F030081BE95 /* MCIntroHeader.h */ = {isa = PBXFileReference; fileEncoding = 4; lastKnownFileType = sourcecode.c.h; path = MCIntroHeader.h; sourceTree = "<group>"; };
		E0B343BF1A773F030081BE95 /* MCIntroHeader.m */ = {isa = PBXFileReference; fileEncoding = 4; lastKnownFileType = sourcecode.c.objc; path = MCIntroHeader.m; sourceTree = "<group>"; };
		E0B343C01A773F030081BE95 /* MCIntroHeader.xib */ = {isa = PBXFileReference; fileEncoding = 4; lastKnownFileType = file.xib; path = MCIntroHeader.xib; sourceTree = "<group>"; };
		E0B343C11A773F030081BE95 /* MCIntroViewController.h */ = {isa = PBXFileReference; fileEncoding = 4; lastKnownFileType = sourcecode.c.h; path = MCIntroViewController.h; sourceTree = "<group>"; };
		E0B343C21A773F030081BE95 /* MCIntroViewController.m */ = {isa = PBXFileReference; fileEncoding = 4; lastKnownFileType = sourcecode.c.objc; path = MCIntroViewController.m; sourceTree = "<group>"; };
/* End PBXFileReference section */

/* Begin PBXFrameworksBuildPhase section */
		15E3DB281A6B04BA002F4F4C /* Frameworks */ = {
			isa = PBXFrameworksBuildPhase;
			buildActionMask = 2147483647;
			files = (
				47E9133E1A8466770055AB69 /* libxml2.dylib in Frameworks */,
				47E9132F1A845FFB0055AB69 /* libxml2.2.dylib in Frameworks */,
			);
			runOnlyForDeploymentPostprocessing = 0;
		};
		15E3DB441A6B04BA002F4F4C /* Frameworks */ = {
			isa = PBXFrameworksBuildPhase;
			buildActionMask = 2147483647;
			files = (
			);
			runOnlyForDeploymentPostprocessing = 0;
		};
/* End PBXFrameworksBuildPhase section */

/* Begin PBXGroup section */
		15E3DB221A6B04BA002F4F4C = {
			isa = PBXGroup;
			children = (
				476EE6F21A75F9240065833F /* Images.xcassets */,
				15E3DB2D1A6B04BA002F4F4C /* motcha */,
				15E3DB4A1A6B04BA002F4F4C /* motchaTests */,
				15E3DB2C1A6B04BA002F4F4C /* Products */,
				6FE61608933FECC746C075BF /* Pods */,
				ABF2B1EC44AFC19FAD99A02F /* Frameworks */,
			);
			sourceTree = "<group>";
		};
		15E3DB2C1A6B04BA002F4F4C /* Products */ = {
			isa = PBXGroup;
			children = (
				15E3DB2B1A6B04BA002F4F4C /* motcha.app */,
				15E3DB471A6B04BA002F4F4C /* motchaTests.xctest */,
			);
			name = Products;
			sourceTree = "<group>";
		};
		15E3DB2D1A6B04BA002F4F4C /* motcha */ = {
			isa = PBXGroup;
			children = (
				47E913331A84629F0055AB69 /* ThirdParty */,
				47E912EE1A8459C20055AB69 /* DataModel */,
				47E912E71A84592E0055AB69 /* Network */,
				E0B343B41A773F030081BE95 /* UI */,
				15E3DB321A6B04BA002F4F4C /* MCAppDelegate.h */,
				15E3DB331A6B04BA002F4F4C /* MCAppDelegate.m */,
				15E3DB3E1A6B04BA002F4F4C /* Images.xcassets */,
				15E3DB401A6B04BA002F4F4C /* LaunchScreen.xib */,
				15E3DB2E1A6B04BA002F4F4C /* Supporting Files */,
			);
			path = motcha;
			sourceTree = "<group>";
		};
		15E3DB2E1A6B04BA002F4F4C /* Supporting Files */ = {
			isa = PBXGroup;
			children = (
				15E3DB2F1A6B04BA002F4F4C /* Info.plist */,
				15E3DB301A6B04BA002F4F4C /* main.m */,
			);
			name = "Supporting Files";
			sourceTree = "<group>";
		};
		15E3DB4A1A6B04BA002F4F4C /* motchaTests */ = {
			isa = PBXGroup;
			children = (
				15E3DB4D1A6B04BA002F4F4C /* motchaTests.m */,
				15E3DB4B1A6B04BA002F4F4C /* Supporting Files */,
			);
			path = motchaTests;
			sourceTree = "<group>";
		};
		15E3DB4B1A6B04BA002F4F4C /* Supporting Files */ = {
			isa = PBXGroup;
			children = (
				15E3DB4C1A6B04BA002F4F4C /* Info.plist */,
			);
			name = "Supporting Files";
			sourceTree = "<group>";
		};
		47E912E71A84592E0055AB69 /* Network */ = {
			isa = PBXGroup;
			children = (
				47E912E81A84596D0055AB69 /* MCWebContentService.h */,
				47E912E91A84596D0055AB69 /* MCWebContentService.m */,
				47E913301A84605D0055AB69 /* MCWebContentParser.h */,
				47E913311A84605D0055AB69 /* MCWebContentParser.m */,
			);
			name = Network;
			sourceTree = "<group>";
		};
		47E912EE1A8459C20055AB69 /* DataModel */ = {
			isa = PBXGroup;
			children = (
				47E912EB1A8459BD0055AB69 /* MCNewsDetailsObject.h */,
				47E912EC1A8459BD0055AB69 /* MCNewsDetailsObject.m */,
				47E9134B1A8487710055AB69 /* MCParsedHTMLNode.h */,
				47E9134C1A8487710055AB69 /* MCParsedHTMLNode.m */,
			);
			name = DataModel;
			sourceTree = "<group>";
		};
		47E913331A84629F0055AB69 /* ThirdParty */ = {
			isa = PBXGroup;
			children = (
				47E913421A847D110055AB69 /* HTMLNode.h */,
				47E913431A847D110055AB69 /* HTMLNode.m */,
				47E913441A847D110055AB69 /* HTMLParser.h */,
				47E913451A847D110055AB69 /* HTMLParser.m */,
			);
			name = ThirdParty;
			sourceTree = "<group>";
		};
		6FE61608933FECC746C075BF /* Pods */ = {
			isa = PBXGroup;
			children = (
				553B1E2B6F644288AA253CF3 /* Pods-motcha.debug.xcconfig */,
				283682A71FB25678856A2E93 /* Pods-motcha.release.xcconfig */,
			);
			name = Pods;
			sourceTree = "<group>";
		};
		ABF2B1EC44AFC19FAD99A02F /* Frameworks */ = {
			isa = PBXGroup;
			children = (
				47E9133D1A8466770055AB69 /* libxml2.dylib */,
				47E9132E1A845FFB0055AB69 /* libxml2.2.dylib */,
			);
			name = Frameworks;
			sourceTree = "<group>";
		};
		E0B343B41A773F030081BE95 /* UI */ = {
			isa = PBXGroup;
			children = (
				E0B343B51A773F030081BE95 /* Intro */,
			);
			path = UI;
			sourceTree = "<group>";
		};
		E0B343B51A773F030081BE95 /* Intro */ = {
			isa = PBXGroup;
			children = (
				E0B343B61A773F030081BE95 /* MCIntroCell.h */,
				E0B343B71A773F030081BE95 /* MCIntroCell.m */,
				E0B343B81A773F030081BE95 /* MCIntroCell.xib */,
				E0B343B91A773F030081BE95 /* MCIntroCollectionViewLayout.h */,
				E0B343BA1A773F030081BE95 /* MCIntroCollectionViewLayout.m */,
				E0B343BB1A773F030081BE95 /* MCIntroFooter.h */,
				E0B343BC1A773F030081BE95 /* MCIntroFooter.m */,
				E0B343BD1A773F030081BE95 /* MCIntroFooter.xib */,
				E0B343BE1A773F030081BE95 /* MCIntroHeader.h */,
				E0B343BF1A773F030081BE95 /* MCIntroHeader.m */,
				E0B343C01A773F030081BE95 /* MCIntroHeader.xib */,
				E0B343C11A773F030081BE95 /* MCIntroViewController.h */,
				E0B343C21A773F030081BE95 /* MCIntroViewController.m */,
			);
			path = Intro;
			sourceTree = "<group>";
		};
		C6D040761A75F9F300DA5AF0 /* NewsList */ = {
			isa = PBXGroup;
			children = (
				C6D040B81A76E99700DA5AF0 /* MCNewsListViewController.h */,
				C6D040B91A76E99700DA5AF0 /* MCNewsListViewController.m */,
				C6D040BA1A76E99700DA5AF0 /* MCNewsListViewController.xib */,
				C6D040BD1A76E9E200DA5AF0 /* MCNewsListCollectionViewCell.h */,
				C6D040BE1A76E9E200DA5AF0 /* MCNewsListCollectionViewCell.m */,
				C6D040BF1A76E9E200DA5AF0 /* MCNewsListCollectionViewCell.xib */,
				C6D040C21A76EA1600DA5AF0 /* MCNewsListDetailViewController.h */,
				C6D040C31A76EA1600DA5AF0 /* MCNewsListDetailViewController.m */,
				C6D040C41A76EA1600DA5AF0 /* MCNewsListDetailViewController.xib */,
			);
			name = NewsList;
			sourceTree = "<group>";
		};
/* End PBXGroup section */

/* Begin PBXNativeTarget section */
		15E3DB2A1A6B04BA002F4F4C /* motcha */ = {
			isa = PBXNativeTarget;
			buildConfigurationList = 15E3DB511A6B04BA002F4F4C /* Build configuration list for PBXNativeTarget "motcha" */;
			buildPhases = (
				15E3DB271A6B04BA002F4F4C /* Sources */,
				15E3DB281A6B04BA002F4F4C /* Frameworks */,
				15E3DB291A6B04BA002F4F4C /* Resources */,
			);
			buildRules = (
			);
			dependencies = (
			);
			name = motcha;
			productName = motcha;
			productReference = 15E3DB2B1A6B04BA002F4F4C /* motcha.app */;
			productType = "com.apple.product-type.application";
		};
		15E3DB461A6B04BA002F4F4C /* motchaTests */ = {
			isa = PBXNativeTarget;
			buildConfigurationList = 15E3DB541A6B04BA002F4F4C /* Build configuration list for PBXNativeTarget "motchaTests" */;
			buildPhases = (
				15E3DB431A6B04BA002F4F4C /* Sources */,
				15E3DB441A6B04BA002F4F4C /* Frameworks */,
				15E3DB451A6B04BA002F4F4C /* Resources */,
			);
			buildRules = (
			);
			dependencies = (
				15E3DB491A6B04BA002F4F4C /* PBXTargetDependency */,
			);
			name = motchaTests;
			productName = motchaTests;
			productReference = 15E3DB471A6B04BA002F4F4C /* motchaTests.xctest */;
			productType = "com.apple.product-type.bundle.unit-test";
		};
/* End PBXNativeTarget section */

/* Begin PBXProject section */
		15E3DB231A6B04BA002F4F4C /* Project object */ = {
			isa = PBXProject;
			attributes = {
				LastUpgradeCheck = 0610;
				ORGANIZATIONNAME = "Frank Li";
				TargetAttributes = {
					15E3DB2A1A6B04BA002F4F4C = {
						CreatedOnToolsVersion = 6.1.1;
					};
					15E3DB461A6B04BA002F4F4C = {
						CreatedOnToolsVersion = 6.1.1;
						TestTargetID = 15E3DB2A1A6B04BA002F4F4C;
					};
				};
			};
			buildConfigurationList = 15E3DB261A6B04BA002F4F4C /* Build configuration list for PBXProject "motcha" */;
			compatibilityVersion = "Xcode 3.2";
			developmentRegion = English;
			hasScannedForEncodings = 0;
			knownRegions = (
				en,
				Base,
			);
			mainGroup = 15E3DB221A6B04BA002F4F4C;
			productRefGroup = 15E3DB2C1A6B04BA002F4F4C /* Products */;
			projectDirPath = "";
			projectRoot = "";
			targets = (
				15E3DB2A1A6B04BA002F4F4C /* motcha */,
				15E3DB461A6B04BA002F4F4C /* motchaTests */,
			);
		};
/* End PBXProject section */

/* Begin PBXResourcesBuildPhase section */
		15E3DB291A6B04BA002F4F4C /* Resources */ = {
			isa = PBXResourcesBuildPhase;
			buildActionMask = 2147483647;
			files = (
				E0B343C41A773F030081BE95 /* MCIntroCell.xib in Resources */,
				E0B343C71A773F030081BE95 /* MCIntroFooter.xib in Resources */,
				E0B343C91A773F030081BE95 /* MCIntroHeader.xib in Resources */,
				15E3DB421A6B04BA002F4F4C /* LaunchScreen.xib in Resources */,
				15E3DB3F1A6B04BA002F4F4C /* Images.xcassets in Resources */,
				C6D040C61A76EA1600DA5AF0 /* MCNewsListDetailViewController.xib in Resources */,
				C6D040C11A76E9E200DA5AF0 /* MCNewsListCollectionViewCell.xib in Resources */,
				C6D040BC1A76E99700DA5AF0 /* MCNewsListViewController.xib in Resources */,
			);
			runOnlyForDeploymentPostprocessing = 0;
		};
		15E3DB451A6B04BA002F4F4C /* Resources */ = {
			isa = PBXResourcesBuildPhase;
			buildActionMask = 2147483647;
			files = (
			);
			runOnlyForDeploymentPostprocessing = 0;
		};
/* End PBXResourcesBuildPhase section */

/* Begin PBXSourcesBuildPhase section */
		15E3DB271A6B04BA002F4F4C /* Sources */ = {
			isa = PBXSourcesBuildPhase;
			buildActionMask = 2147483647;
			files = (
				E0B343C31A773F030081BE95 /* MCIntroCell.m in Sources */,
				E0B343CA1A773F030081BE95 /* MCIntroViewController.m in Sources */,
				47E912EA1A84596D0055AB69 /* MCWebContentService.m in Sources */,
				E0B343C61A773F030081BE95 /* MCIntroFooter.m in Sources */,
				47E913461A847D110055AB69 /* HTMLNode.m in Sources */,
				E0B343C51A773F030081BE95 /* MCIntroCollectionViewLayout.m in Sources */,
				15E3DB341A6B04BA002F4F4C /* AppDelegate.m in Sources */,
				47E912ED1A8459BD0055AB69 /* MCNewsDetailsObject.m in Sources */,
				47E913471A847D110055AB69 /* HTMLParser.m in Sources */,
				47E9134D1A8487710055AB69 /* MCParsedHTMLNode.m in Sources */,
				15E3DB311A6B04BA002F4F4C /* main.m in Sources */,
				E0B343C81A773F030081BE95 /* MCIntroHeader.m in Sources */,
				47E913321A84605D0055AB69 /* MCWebContentParser.m in Sources */,
			);
			runOnlyForDeploymentPostprocessing = 0;
		};
		15E3DB431A6B04BA002F4F4C /* Sources */ = {
			isa = PBXSourcesBuildPhase;
			buildActionMask = 2147483647;
			files = (
				15E3DB4E1A6B04BA002F4F4C /* motchaTests.m in Sources */,
			);
			runOnlyForDeploymentPostprocessing = 0;
		};
/* End PBXSourcesBuildPhase section */

/* Begin PBXTargetDependency section */
		15E3DB491A6B04BA002F4F4C /* PBXTargetDependency */ = {
			isa = PBXTargetDependency;
			target = 15E3DB2A1A6B04BA002F4F4C /* motcha */;
			targetProxy = 15E3DB481A6B04BA002F4F4C /* PBXContainerItemProxy */;
		};
/* End PBXTargetDependency section */

/* Begin PBXVariantGroup section */
		15E3DB401A6B04BA002F4F4C /* LaunchScreen.xib */ = {
			isa = PBXVariantGroup;
			children = (
				15E3DB411A6B04BA002F4F4C /* Base */,
			);
			name = LaunchScreen.xib;
			sourceTree = "<group>";
		};
/* End PBXVariantGroup section */

/* Begin XCBuildConfiguration section */
		15E3DB4F1A6B04BA002F4F4C /* Debug */ = {
			isa = XCBuildConfiguration;
			buildSettings = {
				ALWAYS_SEARCH_USER_PATHS = NO;
				CLANG_CXX_LANGUAGE_STANDARD = "gnu++0x";
				CLANG_CXX_LIBRARY = "libc++";
				CLANG_ENABLE_MODULES = YES;
				CLANG_ENABLE_OBJC_ARC = YES;
				CLANG_WARN_BOOL_CONVERSION = YES;
				CLANG_WARN_CONSTANT_CONVERSION = YES;
				CLANG_WARN_DIRECT_OBJC_ISA_USAGE = YES_ERROR;
				CLANG_WARN_EMPTY_BODY = YES;
				CLANG_WARN_ENUM_CONVERSION = YES;
				CLANG_WARN_INT_CONVERSION = YES;
				CLANG_WARN_OBJC_ROOT_CLASS = YES_ERROR;
				CLANG_WARN_UNREACHABLE_CODE = YES;
				CLANG_WARN__DUPLICATE_METHOD_MATCH = YES;
				"CODE_SIGN_IDENTITY[sdk=iphoneos*]" = "iPhone Developer";
				COPY_PHASE_STRIP = NO;
				ENABLE_STRICT_OBJC_MSGSEND = YES;
				GCC_C_LANGUAGE_STANDARD = gnu99;
				GCC_DYNAMIC_NO_PIC = NO;
				GCC_OPTIMIZATION_LEVEL = 0;
				GCC_PREPROCESSOR_DEFINITIONS = (
					"DEBUG=1",
					"$(inherited)",
				);
				GCC_SYMBOLS_PRIVATE_EXTERN = NO;
				GCC_WARN_64_TO_32_BIT_CONVERSION = YES;
				GCC_WARN_ABOUT_RETURN_TYPE = YES_ERROR;
				GCC_WARN_UNDECLARED_SELECTOR = YES;
				GCC_WARN_UNINITIALIZED_AUTOS = YES_AGGRESSIVE;
				GCC_WARN_UNUSED_FUNCTION = YES;
				GCC_WARN_UNUSED_VARIABLE = YES;
				IPHONEOS_DEPLOYMENT_TARGET = 8.1;
				MTL_ENABLE_DEBUG_INFO = YES;
				ONLY_ACTIVE_ARCH = YES;
				SDKROOT = iphoneos;
				TARGETED_DEVICE_FAMILY = "1,2";
			};
			name = Debug;
		};
		15E3DB501A6B04BA002F4F4C /* Release */ = {
			isa = XCBuildConfiguration;
			buildSettings = {
				ALWAYS_SEARCH_USER_PATHS = NO;
				CLANG_CXX_LANGUAGE_STANDARD = "gnu++0x";
				CLANG_CXX_LIBRARY = "libc++";
				CLANG_ENABLE_MODULES = YES;
				CLANG_ENABLE_OBJC_ARC = YES;
				CLANG_WARN_BOOL_CONVERSION = YES;
				CLANG_WARN_CONSTANT_CONVERSION = YES;
				CLANG_WARN_DIRECT_OBJC_ISA_USAGE = YES_ERROR;
				CLANG_WARN_EMPTY_BODY = YES;
				CLANG_WARN_ENUM_CONVERSION = YES;
				CLANG_WARN_INT_CONVERSION = YES;
				CLANG_WARN_OBJC_ROOT_CLASS = YES_ERROR;
				CLANG_WARN_UNREACHABLE_CODE = YES;
				CLANG_WARN__DUPLICATE_METHOD_MATCH = YES;
				"CODE_SIGN_IDENTITY[sdk=iphoneos*]" = "iPhone Developer";
				COPY_PHASE_STRIP = YES;
				ENABLE_NS_ASSERTIONS = NO;
				ENABLE_STRICT_OBJC_MSGSEND = YES;
				GCC_C_LANGUAGE_STANDARD = gnu99;
				GCC_WARN_64_TO_32_BIT_CONVERSION = YES;
				GCC_WARN_ABOUT_RETURN_TYPE = YES_ERROR;
				GCC_WARN_UNDECLARED_SELECTOR = YES;
				GCC_WARN_UNINITIALIZED_AUTOS = YES_AGGRESSIVE;
				GCC_WARN_UNUSED_FUNCTION = YES;
				GCC_WARN_UNUSED_VARIABLE = YES;
				IPHONEOS_DEPLOYMENT_TARGET = 8.1;
				MTL_ENABLE_DEBUG_INFO = NO;
				SDKROOT = iphoneos;
				TARGETED_DEVICE_FAMILY = "1,2";
				VALIDATE_PRODUCT = YES;
			};
			name = Release;
		};
		15E3DB521A6B04BA002F4F4C /* Debug */ = {
			isa = XCBuildConfiguration;
			baseConfigurationReference = 553B1E2B6F644288AA253CF3 /* Pods-motcha.debug.xcconfig */;
			buildSettings = {
				ASSETCATALOG_COMPILER_APPICON_NAME = AppIcon;
				CODE_SIGN_IDENTITY = "iPhone Developer";
				HEADER_SEARCH_PATHS = (
					"\"${PODS_ROOT}/Headers/Public\"",
					"\"${PODS_ROOT}/Headers/Public/Bolts\"",
					"\"${PODS_ROOT}/Headers/Public/Facebook-iOS-SDK\"",
					"\"${PODS_ROOT}/Headers/Public/Facebook-iOS-SDK/FacebookSDK\"",
					"\"${PODS_ROOT}/Headers/Public/Parse\"",
					"\"${PODS_ROOT}/Headers/Public/ParseFacebookUtils\"",
					"\"${PODS_ROOT}/Headers/Public/ParseUI\"",
					/usr/include/libxml2,
				);
				INFOPLIST_FILE = motcha/Info.plist;
				LD_RUNPATH_SEARCH_PATHS = "$(inherited) @executable_path/Frameworks";
				OTHER_LDFLAGS = (
					"-ObjC",
					"-l\"sqlite3\"",
					"-l\"z\"",
					"-framework",
					"\"AudioToolbox\"",
					"-framework",
					"\"CFNetwork\"",
					"-framework",
					"\"CoreGraphics\"",
					"-framework",
					"\"CoreLocation\"",
					"-framework",
					"\"Foundation\"",
					"-framework",
					"\"MobileCoreServices\"",
					"-framework",
					"\"QuartzCore\"",
					"-framework",
					"\"Security\"",
					"-framework",
					"\"StoreKit\"",
					"-framework",
					"\"SystemConfiguration\"",
					"-framework",
					"\"UIKit\"",
					"-weak_framework",
					"\"Accounts\"",
					"-weak_framework",
					"\"AudioToolbox\"",
					"-weak_framework",
					"\"CoreGraphics\"",
					"-weak_framework",
					"\"CoreLocation\"",
					"-weak_framework",
					"\"Foundation\"",
					"-weak_framework",
					"\"QuartzCore\"",
					"-weak_framework",
					"\"Security\"",
					"-weak_framework",
					"\"Social\"",
					"-weak_framework",
					"\"UIKit\"",
				);
				PRODUCT_NAME = "$(TARGET_NAME)";
			};
			name = Debug;
		};
		15E3DB531A6B04BA002F4F4C /* Release */ = {
			isa = XCBuildConfiguration;
			baseConfigurationReference = 283682A71FB25678856A2E93 /* Pods-motcha.release.xcconfig */;
			buildSettings = {
				ASSETCATALOG_COMPILER_APPICON_NAME = AppIcon;
				CODE_SIGN_IDENTITY = "iPhone Developer";
				HEADER_SEARCH_PATHS = (
					"\"${PODS_ROOT}/Headers/Public\"",
					"\"${PODS_ROOT}/Headers/Public/Bolts\"",
					"\"${PODS_ROOT}/Headers/Public/Facebook-iOS-SDK\"",
					"\"${PODS_ROOT}/Headers/Public/Facebook-iOS-SDK/FacebookSDK\"",
					"\"${PODS_ROOT}/Headers/Public/Parse\"",
					"\"${PODS_ROOT}/Headers/Public/ParseFacebookUtils\"",
					"\"${PODS_ROOT}/Headers/Public/ParseUI\"",
					/usr/include/libxml2,
				);
				INFOPLIST_FILE = motcha/Info.plist;
				LD_RUNPATH_SEARCH_PATHS = "$(inherited) @executable_path/Frameworks";
				OTHER_LDFLAGS = (
					"-ObjC",
					"-l\"sqlite3\"",
					"-l\"z\"",
					"-framework",
					"\"AudioToolbox\"",
					"-framework",
					"\"CFNetwork\"",
					"-framework",
					"\"CoreGraphics\"",
					"-framework",
					"\"CoreLocation\"",
					"-framework",
					"\"Foundation\"",
					"-framework",
					"\"MobileCoreServices\"",
					"-framework",
					"\"QuartzCore\"",
					"-framework",
					"\"Security\"",
					"-framework",
					"\"StoreKit\"",
					"-framework",
					"\"SystemConfiguration\"",
					"-framework",
					"\"UIKit\"",
					"-weak_framework",
					"\"Accounts\"",
					"-weak_framework",
					"\"AudioToolbox\"",
					"-weak_framework",
					"\"CoreGraphics\"",
					"-weak_framework",
					"\"CoreLocation\"",
					"-weak_framework",
					"\"Foundation\"",
					"-weak_framework",
					"\"QuartzCore\"",
					"-weak_framework",
					"\"Security\"",
					"-weak_framework",
					"\"Social\"",
					"-weak_framework",
					"\"UIKit\"",
				);
				PRODUCT_NAME = "$(TARGET_NAME)";
			};
			name = Release;
		};
		15E3DB551A6B04BA002F4F4C /* Debug */ = {
			isa = XCBuildConfiguration;
			buildSettings = {
				BUNDLE_LOADER = "$(TEST_HOST)";
				FRAMEWORK_SEARCH_PATHS = (
					"$(SDKROOT)/Developer/Library/Frameworks",
					"$(inherited)",
				);
				GCC_PREPROCESSOR_DEFINITIONS = (
					"DEBUG=1",
					"$(inherited)",
				);
				INFOPLIST_FILE = motchaTests/Info.plist;
				LD_RUNPATH_SEARCH_PATHS = "$(inherited) @executable_path/Frameworks @loader_path/Frameworks";
				PRODUCT_NAME = "$(TARGET_NAME)";
				TEST_HOST = "$(BUILT_PRODUCTS_DIR)/motcha.app/motcha";
			};
			name = Debug;
		};
		15E3DB561A6B04BA002F4F4C /* Release */ = {
			isa = XCBuildConfiguration;
			buildSettings = {
				BUNDLE_LOADER = "$(TEST_HOST)";
				FRAMEWORK_SEARCH_PATHS = (
					"$(SDKROOT)/Developer/Library/Frameworks",
					"$(inherited)",
				);
				INFOPLIST_FILE = motchaTests/Info.plist;
				LD_RUNPATH_SEARCH_PATHS = "$(inherited) @executable_path/Frameworks @loader_path/Frameworks";
				PRODUCT_NAME = "$(TARGET_NAME)";
				TEST_HOST = "$(BUILT_PRODUCTS_DIR)/motcha.app/motcha";
			};
			name = Release;
		};
/* End XCBuildConfiguration section */

/* Begin XCConfigurationList section */
		15E3DB261A6B04BA002F4F4C /* Build configuration list for PBXProject "motcha" */ = {
			isa = XCConfigurationList;
			buildConfigurations = (
				15E3DB4F1A6B04BA002F4F4C /* Debug */,
				15E3DB501A6B04BA002F4F4C /* Release */,
			);
			defaultConfigurationIsVisible = 0;
			defaultConfigurationName = Release;
		};
		15E3DB511A6B04BA002F4F4C /* Build configuration list for PBXNativeTarget "motcha" */ = {
			isa = XCConfigurationList;
			buildConfigurations = (
				15E3DB521A6B04BA002F4F4C /* Debug */,
				15E3DB531A6B04BA002F4F4C /* Release */,
			);
			defaultConfigurationIsVisible = 0;
			defaultConfigurationName = Release;
		};
		15E3DB541A6B04BA002F4F4C /* Build configuration list for PBXNativeTarget "motchaTests" */ = {
			isa = XCConfigurationList;
			buildConfigurations = (
				15E3DB551A6B04BA002F4F4C /* Debug */,
				15E3DB561A6B04BA002F4F4C /* Release */,
			);
			defaultConfigurationIsVisible = 0;
			defaultConfigurationName = Release;
		};
/* End XCConfigurationList section */
	};
	rootObject = 15E3DB231A6B04BA002F4F4C /* Project object */;
}
