// !$*UTF8*$!
{
	archiveVersion = 1;
	classes = {
	};
	objectVersion = 46;
	objects = {

/* Begin PBXBuildFile section */
		15E3DB311A6B04BA002F4F4C /* main.m in Sources */ = {isa = PBXBuildFile; fileRef = 15E3DB301A6B04BA002F4F4C /* main.m */; };
		15E3DB341A6B04BA002F4F4C /* AppDelegate.m in Sources */ = {isa = PBXBuildFile; fileRef = 15E3DB331A6B04BA002F4F4C /* AppDelegate.m */; };
		15E3DB371A6B04BA002F4F4C /* MasterViewController.m in Sources */ = {isa = PBXBuildFile; fileRef = 15E3DB361A6B04BA002F4F4C /* MasterViewController.m */; };
		15E3DB3A1A6B04BA002F4F4C /* DetailViewController.m in Sources */ = {isa = PBXBuildFile; fileRef = 15E3DB391A6B04BA002F4F4C /* DetailViewController.m */; };
		15E3DB3D1A6B04BA002F4F4C /* Main.storyboard in Resources */ = {isa = PBXBuildFile; fileRef = 15E3DB3B1A6B04BA002F4F4C /* Main.storyboard */; };
		15E3DB3F1A6B04BA002F4F4C /* Images.xcassets in Resources */ = {isa = PBXBuildFile; fileRef = 15E3DB3E1A6B04BA002F4F4C /* Images.xcassets */; };
		15E3DB421A6B04BA002F4F4C /* LaunchScreen.xib in Resources */ = {isa = PBXBuildFile; fileRef = 15E3DB401A6B04BA002F4F4C /* LaunchScreen.xib */; };
		15E3DB4E1A6B04BA002F4F4C /* motchaTests.m in Sources */ = {isa = PBXBuildFile; fileRef = 15E3DB4D1A6B04BA002F4F4C /* motchaTests.m */; };
/* End PBXBuildFile section */

/* Begin PBXContainerItemProxy section */
		15E3DB481A6B04BA002F4F4C /* PBXContainerItemProxy */ = {
			isa = PBXContainerItemProxy;
			containerPortal = 15E3DB231A6B04BA002F4F4C /* Project object */;
			proxyType = 1;
			remoteGlobalIDString = 15E3DB2A1A6B04BA002F4F4C;
			remoteInfo = motcha;
		};
/* End PBXContainerItemProxy section */

/* Begin PBXFileReference section */
		15E3DB2B1A6B04BA002F4F4C /* motcha.app */ = {isa = PBXFileReference; explicitFileType = wrapper.application; includeInIndex = 0; path = motcha.app; sourceTree = BUILT_PRODUCTS_DIR; };
		15E3DB2F1A6B04BA002F4F4C /* Info.plist */ = {isa = PBXFileReference; lastKnownFileType = text.plist.xml; path = Info.plist; sourceTree = "<group>"; };
		15E3DB301A6B04BA002F4F4C /* main.m */ = {isa = PBXFileReference; lastKnownFileType = sourcecode.c.objc; path = main.m; sourceTree = "<group>"; };
		15E3DB321A6B04BA002F4F4C /* AppDelegate.h */ = {isa = PBXFileReference; lastKnownFileType = sourcecode.c.h; path = AppDelegate.h; sourceTree = "<group>"; };
		15E3DB331A6B04BA002F4F4C /* AppDelegate.m */ = {isa = PBXFileReference; lastKnownFileType = sourcecode.c.objc; path = AppDelegate.m; sourceTree = "<group>"; };
		15E3DB351A6B04BA002F4F4C /* MasterViewController.h */ = {isa = PBXFileReference; lastKnownFileType = sourcecode.c.h; path = MasterViewController.h; sourceTree = "<group>"; };
		15E3DB361A6B04BA002F4F4C /* MasterViewController.m */ = {isa = PBXFileReference; lastKnownFileType = sourcecode.c.objc; path = MasterViewController.m; sourceTree = "<group>"; };
		15E3DB381A6B04BA002F4F4C /* DetailViewController.h */ = {isa = PBXFileReference; lastKnownFileType = sourcecode.c.h; path = DetailViewController.h; sourceTree = "<group>"; };
		15E3DB391A6B04BA002F4F4C /* DetailViewController.m */ = {isa = PBXFileReference; lastKnownFileType = sourcecode.c.objc; path = DetailViewController.m; sourceTree = "<group>"; };
		15E3DB3C1A6B04BA002F4F4C /* Base */ = {isa = PBXFileReference; lastKnownFileType = file.storyboard; name = Base; path = Base.lproj/Main.storyboard; sourceTree = "<group>"; };
		15E3DB3E1A6B04BA002F4F4C /* Images.xcassets */ = {isa = PBXFileReference; lastKnownFileType = folder.assetcatalog; path = Images.xcassets; sourceTree = "<group>"; };
		15E3DB411A6B04BA002F4F4C /* Base */ = {isa = PBXFileReference; lastKnownFileType = file.xib; name = Base; path = Base.lproj/LaunchScreen.xib; sourceTree = "<group>"; };
		15E3DB471A6B04BA002F4F4C /* motchaTests.xctest */ = {isa = PBXFileReference; explicitFileType = wrapper.cfbundle; includeInIndex = 0; path = motchaTests.xctest; sourceTree = BUILT_PRODUCTS_DIR; };
		15E3DB4C1A6B04BA002F4F4C /* Info.plist */ = {isa = PBXFileReference; lastKnownFileType = text.plist.xml; path = Info.plist; sourceTree = "<group>"; };
		15E3DB4D1A6B04BA002F4F4C /* motchaTests.m */ = {isa = PBXFileReference; lastKnownFileType = sourcecode.c.objc; path = motchaTests.m; sourceTree = "<group>"; };
/* End PBXFileReference section */

/* Begin PBXFrameworksBuildPhase section */
		15E3DB281A6B04BA002F4F4C /* Frameworks */ = {
			isa = PBXFrameworksBuildPhase;
			buildActionMask = 2147483647;
			files = (
			);
			runOnlyForDeploymentPostprocessing = 0;
		};
		15E3DB441A6B04BA002F4F4C /* Frameworks */ = {
			isa = PBXFrameworksBuildPhase;
			buildActionMask = 2147483647;
			files = (
			);
			runOnlyForDeploymentPostprocessing = 0;
		};
/* End PBXFrameworksBuildPhase section */

/* Begin PBXGroup section */
		15E3DB221A6B04BA002F4F4C = {
			isa = PBXGroup;
			children = (
				15E3DB2D1A6B04BA002F4F4C /* motcha */,
				15E3DB4A1A6B04BA002F4F4C /* motchaTests */,
				15E3DB2C1A6B04BA002F4F4C /* Products */,
			);
			sourceTree = "<group>";
		};
		15E3DB2C1A6B04BA002F4F4C /* Products */ = {
			isa = PBXGroup;
			children = (
				15E3DB2B1A6B04BA002F4F4C /* motcha.app */,
				15E3DB471A6B04BA002F4F4C /* motchaTests.xctest */,
			);
			name = Products;
			sourceTree = "<group>";
		};
		15E3DB2D1A6B04BA002F4F4C /* motcha */ = {
			isa = PBXGroup;
			children = (
				15E3DB321A6B04BA002F4F4C /* AppDelegate.h */,
				15E3DB331A6B04BA002F4F4C /* AppDelegate.m */,
				15E3DB351A6B04BA002F4F4C /* MasterViewController.h */,
				15E3DB361A6B04BA002F4F4C /* MasterViewController.m */,
				15E3DB381A6B04BA002F4F4C /* DetailViewController.h */,
				15E3DB391A6B04BA002F4F4C /* DetailViewController.m */,
				15E3DB3B1A6B04BA002F4F4C /* Main.storyboard */,
				15E3DB3E1A6B04BA002F4F4C /* Images.xcassets */,
				15E3DB401A6B04BA002F4F4C /* LaunchScreen.xib */,
				15E3DB2E1A6B04BA002F4F4C /* Supporting Files */,
			);
			path = motcha;
			sourceTree = "<group>";
		};
		15E3DB2E1A6B04BA002F4F4C /* Supporting Files */ = {
			isa = PBXGroup;
			children = (
				15E3DB2F1A6B04BA002F4F4C /* Info.plist */,
				15E3DB301A6B04BA002F4F4C /* main.m */,
			);
			name = "Supporting Files";
			sourceTree = "<group>";
		};
		15E3DB4A1A6B04BA002F4F4C /* motchaTests */ = {
			isa = PBXGroup;
			children = (
				15E3DB4D1A6B04BA002F4F4C /* motchaTests.m */,
				15E3DB4B1A6B04BA002F4F4C /* Supporting Files */,
			);
			path = motchaTests;
			sourceTree = "<group>";
		};
		15E3DB4B1A6B04BA002F4F4C /* Supporting Files */ = {
			isa = PBXGroup;
			children = (
				15E3DB4C1A6B04BA002F4F4C /* Info.plist */,
			);
			name = "Supporting Files";
			sourceTree = "<group>";
		};
/* End PBXGroup section */

/* Begin PBXNativeTarget section */
		15E3DB2A1A6B04BA002F4F4C /* motcha */ = {
			isa = PBXNativeTarget;
			buildConfigurationList = 15E3DB511A6B04BA002F4F4C /* Build configuration list for PBXNativeTarget "motcha" */;
			buildPhases = (
				15E3DB271A6B04BA002F4F4C /* Sources */,
				15E3DB281A6B04BA002F4F4C /* Frameworks */,
				15E3DB291A6B04BA002F4F4C /* Resources */,
			);
			buildRules = (
			);
			dependencies = (
			);
			name = motcha;
			productName = motcha;
			productReference = 15E3DB2B1A6B04BA002F4F4C /* motcha.app */;
			productType = "com.apple.product-type.application";
		};
		15E3DB461A6B04BA002F4F4C /* motchaTests */ = {
			isa = PBXNativeTarget;
			buildConfigurationList = 15E3DB541A6B04BA002F4F4C /* Build configuration list for PBXNativeTarget "motchaTests" */;
			buildPhases = (
				15E3DB431A6B04BA002F4F4C /* Sources */,
				15E3DB441A6B04BA002F4F4C /* Frameworks */,
				15E3DB451A6B04BA002F4F4C /* Resources */,
			);
			buildRules = (
			);
			dependencies = (
				15E3DB491A6B04BA002F4F4C /* PBXTargetDependency */,
			);
			name = motchaTests;
			productName = motchaTests;
			productReference = 15E3DB471A6B04BA002F4F4C /* motchaTests.xctest */;
			productType = "com.apple.product-type.bundle.unit-test";
		};
/* End PBXNativeTarget section */

/* Begin PBXProject section */
		15E3DB231A6B04BA002F4F4C /* Project object */ = {
			isa = PBXProject;
			attributes = {
				LastUpgradeCheck = 0610;
				ORGANIZATIONNAME = "Frank Li";
				TargetAttributes = {
					15E3DB2A1A6B04BA002F4F4C = {
						CreatedOnToolsVersion = 6.1.1;
					};
					15E3DB461A6B04BA002F4F4C = {
						CreatedOnToolsVersion = 6.1.1;
						TestTargetID = 15E3DB2A1A6B04BA002F4F4C;
					};
				};
			};
			buildConfigurationList = 15E3DB261A6B04BA002F4F4C /* Build configuration list for PBXProject "motcha" */;
			compatibilityVersion = "Xcode 3.2";
			developmentRegion = English;
			hasScannedForEncodings = 0;
			knownRegions = (
				en,
				Base,
			);
			mainGroup = 15E3DB221A6B04BA002F4F4C;
			productRefGroup = 15E3DB2C1A6B04BA002F4F4C /* Products */;
			projectDirPath = "";
			projectRoot = "";
			targets = (
				15E3DB2A1A6B04BA002F4F4C /* motcha */,
				15E3DB461A6B04BA002F4F4C /* motchaTests */,
			);
		};
/* End PBXProject section */

/* Begin PBXResourcesBuildPhase section */
		15E3DB291A6B04BA002F4F4C /* Resources */ = {
			isa = PBXResourcesBuildPhase;
			buildActionMask = 2147483647;
			files = (
				15E3DB3D1A6B04BA002F4F4C /* Main.storyboard in Resources */,
				15E3DB421A6B04BA002F4F4C /* LaunchScreen.xib in Resources */,
				15E3DB3F1A6B04BA002F4F4C /* Images.xcassets in Resources */,
			);
			runOnlyForDeploymentPostprocessing = 0;
		};
		15E3DB451A6B04BA002F4F4C /* Resources */ = {
			isa = PBXResourcesBuildPhase;
			buildActionMask = 2147483647;
			files = (
			);
			runOnlyForDeploymentPostprocessing = 0;
		};
/* End PBXResourcesBuildPhase section */

/* Begin PBXSourcesBuildPhase section */
		15E3DB271A6B04BA002F4F4C /* Sources */ = {
			isa = PBXSourcesBuildPhase;
			buildActionMask = 2147483647;
			files = (
				15E3DB341A6B04BA002F4F4C /* AppDelegate.m in Sources */,
				15E3DB371A6B04BA002F4F4C /* MasterViewController.m in Sources */,
				15E3DB311A6B04BA002F4F4C /* main.m in Sources */,
				15E3DB3A1A6B04BA002F4F4C /* DetailViewController.m in Sources */,
			);
			runOnlyForDeploymentPostprocessing = 0;
		};
		15E3DB431A6B04BA002F4F4C /* Sources */ = {
			isa = PBXSourcesBuildPhase;
			buildActionMask = 2147483647;
			files = (
				15E3DB4E1A6B04BA002F4F4C /* motchaTests.m in Sources */,
			);
			runOnlyForDeploymentPostprocessing = 0;
		};
/* End PBXSourcesBuildPhase section */

/* Begin PBXTargetDependency section */
		15E3DB491A6B04BA002F4F4C /* PBXTargetDependency */ = {
			isa = PBXTargetDependency;
			target = 15E3DB2A1A6B04BA002F4F4C /* motcha */;
			targetProxy = 15E3DB481A6B04BA002F4F4C /* PBXContainerItemProxy */;
		};
/* End PBXTargetDependency section */

/* Begin PBXVariantGroup section */
		15E3DB3B1A6B04BA002F4F4C /* Main.storyboard */ = {
			isa = PBXVariantGroup;
			children = (
				15E3DB3C1A6B04BA002F4F4C /* Base */,
			);
			name = Main.storyboard;
			sourceTree = "<group>";
		};
		15E3DB401A6B04BA002F4F4C /* LaunchScreen.xib */ = {
			isa = PBXVariantGroup;
			children = (
				15E3DB411A6B04BA002F4F4C /* Base */,
			);
			name = LaunchScreen.xib;
			sourceTree = "<group>";
		};
/* End PBXVariantGroup section */

/* Begin XCBuildConfiguration section */
		15E3DB4F1A6B04BA002F4F4C /* Debug */ = {
			isa = XCBuildConfiguration;
			buildSettings = {
				ALWAYS_SEARCH_USER_PATHS = NO;
				CLANG_CXX_LANGUAGE_STANDARD = "gnu++0x";
				CLANG_CXX_LIBRARY = "libc++";
				CLANG_ENABLE_MODULES = YES;
				CLANG_ENABLE_OBJC_ARC = YES;
				CLANG_WARN_BOOL_CONVERSION = YES;
				CLANG_WARN_CONSTANT_CONVERSION = YES;
				CLANG_WARN_DIRECT_OBJC_ISA_USAGE = YES_ERROR;
				CLANG_WARN_EMPTY_BODY = YES;
				CLANG_WARN_ENUM_CONVERSION = YES;
				CLANG_WARN_INT_CONVERSION = YES;
				CLANG_WARN_OBJC_ROOT_CLASS = YES_ERROR;
				CLANG_WARN_UNREACHABLE_CODE = YES;
				CLANG_WARN__DUPLICATE_METHOD_MATCH = YES;
				"CODE_SIGN_IDENTITY[sdk=iphoneos*]" = "iPhone Developer";
				COPY_PHASE_STRIP = NO;
				ENABLE_STRICT_OBJC_MSGSEND = YES;
				GCC_C_LANGUAGE_STANDARD = gnu99;
				GCC_DYNAMIC_NO_PIC = NO;
				GCC_OPTIMIZATION_LEVEL = 0;
				GCC_PREPROCESSOR_DEFINITIONS = (
					"DEBUG=1",
					"$(inherited)",
				);
				GCC_SYMBOLS_PRIVATE_EXTERN = NO;
				GCC_WARN_64_TO_32_BIT_CONVERSION = YES;
				GCC_WARN_ABOUT_RETURN_TYPE = YES_ERROR;
				GCC_WARN_UNDECLARED_SELECTOR = YES;
				GCC_WARN_UNINITIALIZED_AUTOS = YES_AGGRESSIVE;
				GCC_WARN_UNUSED_FUNCTION = YES;
				GCC_WARN_UNUSED_VARIABLE = YES;
				IPHONEOS_DEPLOYMENT_TARGET = 8.1;
				MTL_ENABLE_DEBUG_INFO = YES;
				ONLY_ACTIVE_ARCH = YES;
				SDKROOT = iphoneos;
				TARGETED_DEVICE_FAMILY = "1,2";
			};
			name = Debug;
		};
		15E3DB501A6B04BA002F4F4C /* Release */ = {
			isa = XCBuildConfiguration;
			buildSettings = {
				ALWAYS_SEARCH_USER_PATHS = NO;
				CLANG_CXX_LANGUAGE_STANDARD = "gnu++0x";
				CLANG_CXX_LIBRARY = "libc++";
				CLANG_ENABLE_MODULES = YES;
				CLANG_ENABLE_OBJC_ARC = YES;
				CLANG_WARN_BOOL_CONVERSION = YES;
				CLANG_WARN_CONSTANT_CONVERSION = YES;
				CLANG_WARN_DIRECT_OBJC_ISA_USAGE = YES_ERROR;
				CLANG_WARN_EMPTY_BODY = YES;
				CLANG_WARN_ENUM_CONVERSION = YES;
				CLANG_WARN_INT_CONVERSION = YES;
				CLANG_WARN_OBJC_ROOT_CLASS = YES_ERROR;
				CLANG_WARN_UNREACHABLE_CODE = YES;
				CLANG_WARN__DUPLICATE_METHOD_MATCH = YES;
				"CODE_SIGN_IDENTITY[sdk=iphoneos*]" = "iPhone Developer";
				COPY_PHASE_STRIP = YES;
				ENABLE_NS_ASSERTIONS = NO;
				ENABLE_STRICT_OBJC_MSGSEND = YES;
				GCC_C_LANGUAGE_STANDARD = gnu99;
				GCC_WARN_64_TO_32_BIT_CONVERSION = YES;
				GCC_WARN_ABOUT_RETURN_TYPE = YES_ERROR;
				GCC_WARN_UNDECLARED_SELECTOR = YES;
				GCC_WARN_UNINITIALIZED_AUTOS = YES_AGGRESSIVE;
				GCC_WARN_UNUSED_FUNCTION = YES;
				GCC_WARN_UNUSED_VARIABLE = YES;
				IPHONEOS_DEPLOYMENT_TARGET = 8.1;
				MTL_ENABLE_DEBUG_INFO = NO;
				SDKROOT = iphoneos;
				TARGETED_DEVICE_FAMILY = "1,2";
				VALIDATE_PRODUCT = YES;
			};
			name = Release;
		};
		15E3DB521A6B04BA002F4F4C /* Debug */ = {
			isa = XCBuildConfiguration;
			buildSettings = {
				ASSETCATALOG_COMPILER_APPICON_NAME = AppIcon;
				CODE_SIGN_IDENTITY = "iPhone Developer";
				INFOPLIST_FILE = motcha/Info.plist;
				LD_RUNPATH_SEARCH_PATHS = "$(inherited) @executable_path/Frameworks";
				PRODUCT_NAME = "$(TARGET_NAME)";
			};
			name = Debug;
		};
		15E3DB531A6B04BA002F4F4C /* Release */ = {
			isa = XCBuildConfiguration;
			buildSettings = {
				ASSETCATALOG_COMPILER_APPICON_NAME = AppIcon;
				CODE_SIGN_IDENTITY = "iPhone Developer";
				INFOPLIST_FILE = motcha/Info.plist;
				LD_RUNPATH_SEARCH_PATHS = "$(inherited) @executable_path/Frameworks";
				PRODUCT_NAME = "$(TARGET_NAME)";
			};
			name = Release;
		};
		15E3DB551A6B04BA002F4F4C /* Debug */ = {
			isa = XCBuildConfiguration;
			buildSettings = {
				BUNDLE_LOADER = "$(TEST_HOST)";
				FRAMEWORK_SEARCH_PATHS = (
					"$(SDKROOT)/Developer/Library/Frameworks",
					"$(inherited)",
				);
				GCC_PREPROCESSOR_DEFINITIONS = (
					"DEBUG=1",
					"$(inherited)",
				);
				INFOPLIST_FILE = motchaTests/Info.plist;
				LD_RUNPATH_SEARCH_PATHS = "$(inherited) @executable_path/Frameworks @loader_path/Frameworks";
				PRODUCT_NAME = "$(TARGET_NAME)";
				TEST_HOST = "$(BUILT_PRODUCTS_DIR)/motcha.app/motcha";
			};
			name = Debug;
		};
		15E3DB561A6B04BA002F4F4C /* Release */ = {
			isa = XCBuildConfiguration;
			buildSettings = {
				BUNDLE_LOADER = "$(TEST_HOST)";
				FRAMEWORK_SEARCH_PATHS = (
					"$(SDKROOT)/Developer/Library/Frameworks",
					"$(inherited)",
				);
				INFOPLIST_FILE = motchaTests/Info.plist;
				LD_RUNPATH_SEARCH_PATHS = "$(inherited) @executable_path/Frameworks @loader_path/Frameworks";
				PRODUCT_NAME = "$(TARGET_NAME)";
				TEST_HOST = "$(BUILT_PRODUCTS_DIR)/motcha.app/motcha";
			};
			name = Release;
		};
/* End XCBuildConfiguration section */

/* Begin XCConfigurationList section */
		15E3DB261A6B04BA002F4F4C /* Build configuration list for PBXProject "motcha" */ = {
			isa = XCConfigurationList;
			buildConfigurations = (
				15E3DB4F1A6B04BA002F4F4C /* Debug */,
				15E3DB501A6B04BA002F4F4C /* Release */,
			);
			defaultConfigurationIsVisible = 0;
			defaultConfigurationName = Release;
		};
		15E3DB511A6B04BA002F4F4C /* Build configuration list for PBXNativeTarget "motcha" */ = {
			isa = XCConfigurationList;
			buildConfigurations = (
				15E3DB521A6B04BA002F4F4C /* Debug */,
				15E3DB531A6B04BA002F4F4C /* Release */,
			);
			defaultConfigurationIsVisible = 0;
			defaultConfigurationName = Release;
		};
		15E3DB541A6B04BA002F4F4C /* Build configuration list for PBXNativeTarget "motchaTests" */ = {
			isa = XCConfigurationList;
			buildConfigurations = (
				15E3DB551A6B04BA002F4F4C /* Debug */,
				15E3DB561A6B04BA002F4F4C /* Release */,
			);
			defaultConfigurationIsVisible = 0;
			defaultConfigurationName = Release;
		};
/* End XCConfigurationList section */
	};
	rootObject = 15E3DB231A6B04BA002F4F4C /* Project object */;
}
