// !$*UTF8*$!
{
	archiveVersion = 1;
	classes = {
	};
	objectVersion = 46;
	objects = {

/* Begin PBXBuildFile section */
		1539C23E1A9028D000C32877 /* UIImage+Scale.m in Sources */ = {isa = PBXBuildFile; fileRef = 1539C23B1A9028D000C32877 /* UIImage+Scale.m */; };
		1539C2731A9838F300C32877 /* NSMutableArray+Manipulation.m in Sources */ = {isa = PBXBuildFile; fileRef = 1539C2721A9838F300C32877 /* NSMutableArray+Manipulation.m */; };
		1539C2791A9A754A00C32877 /* MCPageView.m in Sources */ = {isa = PBXBuildFile; fileRef = 1539C2761A9A754A00C32877 /* MCPageView.m */; };
		1539C27A1A9A754A00C32877 /* MCPageViewController.m in Sources */ = {isa = PBXBuildFile; fileRef = 1539C2781A9A754A00C32877 /* MCPageViewController.m */; };
		1539C2841A9A75C300C32877 /* MCCategoryButton.m in Sources */ = {isa = PBXBuildFile; fileRef = 1539C27E1A9A75C300C32877 /* MCCategoryButton.m */; };
		1539C2851A9A75C300C32877 /* MCNewsCategoryIndicatorView.m in Sources */ = {isa = PBXBuildFile; fileRef = 1539C2801A9A75C300C32877 /* MCNewsCategoryIndicatorView.m */; };
		1539C2861A9A75C300C32877 /* MCNewsCategorySelectorScrollView.m in Sources */ = {isa = PBXBuildFile; fileRef = 1539C2821A9A75C300C32877 /* MCNewsCategorySelectorScrollView.m */; };
		153F55341AA12D0300487C2F /* UIColor+Helpers.m in Sources */ = {isa = PBXBuildFile; fileRef = 153F55331AA12D0300487C2F /* UIColor+Helpers.m */; };
		153F55761AAA5A2500487C2F /* MCNewsListsContainerController.m in Sources */ = {isa = PBXBuildFile; fileRef = 153F55751AAA5A2500487C2F /* MCNewsListsContainerController.m */; };
		15461A5E1AAEAFA90008025A /* MCNewsCategoryAddView.m in Sources */ = {isa = PBXBuildFile; fileRef = 15461A5D1AAEAFA90008025A /* MCNewsCategoryAddView.m */; };
		15461A601AAEAFF60008025A /* MCNewsCategoryAddView.xib in Resources */ = {isa = PBXBuildFile; fileRef = 15461A5F1AAEAFF60008025A /* MCNewsCategoryAddView.xib */; };
		15461A631AAF75CA0008025A /* MCNewsCategorySelectorView.m in Sources */ = {isa = PBXBuildFile; fileRef = 15461A621AAF75CA0008025A /* MCNewsCategorySelectorView.m */; };
		15461A6A1AAFA25F0008025A /* MCTextView.m in Sources */ = {isa = PBXBuildFile; fileRef = 15461A691AAFA25F0008025A /* MCTextView.m */; };
		1561B45B1ABA3D8C00AB6D5B /* MCLabel.m in Sources */ = {isa = PBXBuildFile; fileRef = 1561B45A1ABA3D8C00AB6D5B /* MCLabel.m */; };
		1561B45E1ABB486800AB6D5B /* NSString+Helpers.m in Sources */ = {isa = PBXBuildFile; fileRef = 1561B45D1ABB486800AB6D5B /* NSString+Helpers.m */; };
		1561B4611ABB874700AB6D5B /* NSDate+TimeAgo.m in Sources */ = {isa = PBXBuildFile; fileRef = 1561B4601ABB874700AB6D5B /* NSDate+TimeAgo.m */; };
		1561B4E01ABD02B800AB6D5B /* AFHTTPRequestOperation.m in Sources */ = {isa = PBXBuildFile; fileRef = 1561B4BC1ABD02B800AB6D5B /* AFHTTPRequestOperation.m */; };
		1561B4E11ABD02B800AB6D5B /* AFHTTPRequestOperationManager.m in Sources */ = {isa = PBXBuildFile; fileRef = 1561B4BE1ABD02B800AB6D5B /* AFHTTPRequestOperationManager.m */; };
		1561B4E21ABD02B800AB6D5B /* AFHTTPSessionManager.m in Sources */ = {isa = PBXBuildFile; fileRef = 1561B4C01ABD02B800AB6D5B /* AFHTTPSessionManager.m */; };
		1561B4E31ABD02B800AB6D5B /* AFNetworkReachabilityManager.m in Sources */ = {isa = PBXBuildFile; fileRef = 1561B4C31ABD02B800AB6D5B /* AFNetworkReachabilityManager.m */; };
		1561B4E41ABD02B800AB6D5B /* AFSecurityPolicy.m in Sources */ = {isa = PBXBuildFile; fileRef = 1561B4C51ABD02B800AB6D5B /* AFSecurityPolicy.m */; };
		1561B4E51ABD02B800AB6D5B /* AFURLConnectionOperation.m in Sources */ = {isa = PBXBuildFile; fileRef = 1561B4C71ABD02B800AB6D5B /* AFURLConnectionOperation.m */; };
		1561B4E61ABD02B800AB6D5B /* AFURLRequestSerialization.m in Sources */ = {isa = PBXBuildFile; fileRef = 1561B4C91ABD02B800AB6D5B /* AFURLRequestSerialization.m */; };
		1561B4E71ABD02B800AB6D5B /* AFURLResponseSerialization.m in Sources */ = {isa = PBXBuildFile; fileRef = 1561B4CB1ABD02B800AB6D5B /* AFURLResponseSerialization.m */; };
		1561B4E81ABD02B800AB6D5B /* AFURLSessionManager.m in Sources */ = {isa = PBXBuildFile; fileRef = 1561B4CD1ABD02B800AB6D5B /* AFURLSessionManager.m */; };
		1561B4E91ABD02B800AB6D5B /* AFNetworkActivityIndicatorManager.m in Sources */ = {isa = PBXBuildFile; fileRef = 1561B4D01ABD02B800AB6D5B /* AFNetworkActivityIndicatorManager.m */; };
		1561B4EA1ABD02B800AB6D5B /* UIActivityIndicatorView+AFNetworking.m in Sources */ = {isa = PBXBuildFile; fileRef = 1561B4D21ABD02B800AB6D5B /* UIActivityIndicatorView+AFNetworking.m */; };
		1561B4EB1ABD02B800AB6D5B /* UIAlertView+AFNetworking.m in Sources */ = {isa = PBXBuildFile; fileRef = 1561B4D41ABD02B800AB6D5B /* UIAlertView+AFNetworking.m */; };
		1561B4EC1ABD02B800AB6D5B /* UIButton+AFNetworking.m in Sources */ = {isa = PBXBuildFile; fileRef = 1561B4D61ABD02B800AB6D5B /* UIButton+AFNetworking.m */; };
		1561B4ED1ABD02B800AB6D5B /* UIImageView+AFNetworking.m in Sources */ = {isa = PBXBuildFile; fileRef = 1561B4D81ABD02B800AB6D5B /* UIImageView+AFNetworking.m */; };
		1561B4EE1ABD02B800AB6D5B /* UIProgressView+AFNetworking.m in Sources */ = {isa = PBXBuildFile; fileRef = 1561B4DB1ABD02B800AB6D5B /* UIProgressView+AFNetworking.m */; };
		1561B4EF1ABD02B800AB6D5B /* UIRefreshControl+AFNetworking.m in Sources */ = {isa = PBXBuildFile; fileRef = 1561B4DD1ABD02B800AB6D5B /* UIRefreshControl+AFNetworking.m */; };
		1561B4F01ABD02B800AB6D5B /* UIWebView+AFNetworking.m in Sources */ = {isa = PBXBuildFile; fileRef = 1561B4DF1ABD02B800AB6D5B /* UIWebView+AFNetworking.m */; };
		157314921AC0A7E600E65C02 /* BMYCircularProgressView.m in Sources */ = {isa = PBXBuildFile; fileRef = 1573148B1AC0A7E600E65C02 /* BMYCircularProgressView.m */; };
		157314931AC0A7E600E65C02 /* BMYPullToRefreshView.m in Sources */ = {isa = PBXBuildFile; fileRef = 1573148F1AC0A7E600E65C02 /* BMYPullToRefreshView.m */; };
		157314941AC0A7E600E65C02 /* UIScrollView+BMYPullToRefresh.m in Sources */ = {isa = PBXBuildFile; fileRef = 157314911AC0A7E600E65C02 /* UIScrollView+BMYPullToRefresh.m */; };
		157314971AC0FEDB00E65C02 /* MCNewsListFooterView.m in Sources */ = {isa = PBXBuildFile; fileRef = 157314961AC0FEDB00E65C02 /* MCNewsListFooterView.m */; };
		157314991AC0FF0D00E65C02 /* MCNewsListFooterView.xib in Resources */ = {isa = PBXBuildFile; fileRef = 157314981AC0FF0D00E65C02 /* MCNewsListFooterView.xib */; };
		15A25E1E1AB15EF400761782 /* UIViewController+Swizzling.m in Sources */ = {isa = PBXBuildFile; fileRef = 15A25E1D1AB15EF400761782 /* UIViewController+Swizzling.m */; };
		15DB977D1A8911190066B469 /* MCKeyValuePair.m in Sources */ = {isa = PBXBuildFile; fileRef = 15DB977C1A8911190066B469 /* MCKeyValuePair.m */; };
		15DB978E1A89112F0066B469 /* MCNavigationBar.m in Sources */ = {isa = PBXBuildFile; fileRef = 15DB97801A89112F0066B469 /* MCNavigationBar.m */; };
		15DB978F1A89112F0066B469 /* MCNavigationController.m in Sources */ = {isa = PBXBuildFile; fileRef = 15DB97831A89112F0066B469 /* MCNavigationController.m */; };
		15DB97901A89112F0066B469 /* MCNavigationBarAppearanceAuxiliaryView.m in Sources */ = {isa = PBXBuildFile; fileRef = 15DB97861A89112F0066B469 /* MCNavigationBarAppearanceAuxiliaryView.m */; };
		15DB97911A89112F0066B469 /* MCNavigationBarAppearanceBackgroundAlpha.m in Sources */ = {isa = PBXBuildFile; fileRef = 15DB97881A89112F0066B469 /* MCNavigationBarAppearanceBackgroundAlpha.m */; };
		15DB97921A89112F0066B469 /* MCNavigationBarAppearanceStrategy.m in Sources */ = {isa = PBXBuildFile; fileRef = 15DB978A1A89112F0066B469 /* MCNavigationBarAppearanceStrategy.m */; };
		15E3DB311A6B04BA002F4F4C /* main.m in Sources */ = {isa = PBXBuildFile; fileRef = 15E3DB301A6B04BA002F4F4C /* main.m */; };
		15E3DB341A6B04BA002F4F4C /* MCAppDelegate.m in Sources */ = {isa = PBXBuildFile; fileRef = 15E3DB331A6B04BA002F4F4C /* MCAppDelegate.m */; };
		15E3DB3F1A6B04BA002F4F4C /* Images.xcassets in Resources */ = {isa = PBXBuildFile; fileRef = 15E3DB3E1A6B04BA002F4F4C /* Images.xcassets */; };
		15E3DB421A6B04BA002F4F4C /* LaunchScreen.xib in Resources */ = {isa = PBXBuildFile; fileRef = 15E3DB401A6B04BA002F4F4C /* LaunchScreen.xib */; };
		15E3DB4E1A6B04BA002F4F4C /* motchaTests.m in Sources */ = {isa = PBXBuildFile; fileRef = 15E3DB4D1A6B04BA002F4F4C /* motchaTests.m */; };
		47E616D71AB7D34000FC25FA /* CategoryEntity.m in Sources */ = {isa = PBXBuildFile; fileRef = 47E616D01AB7D34000FC25FA /* CategoryEntity.m */; };
		47E616D81AB7D34000FC25FA /* MCDatabaseManager.m in Sources */ = {isa = PBXBuildFile; fileRef = 47E616D21AB7D34000FC25FA /* MCDatabaseManager.m */; };
		47E616D91AB7D34000FC25FA /* MCLocalStorageService.m in Sources */ = {isa = PBXBuildFile; fileRef = 47E616D41AB7D34000FC25FA /* MCLocalStorageService.m */; };
		47E616DA1AB7D34000FC25FA /* NSEntityDescription+Helpers.m in Sources */ = {isa = PBXBuildFile; fileRef = 47E616D61AB7D34000FC25FA /* NSEntityDescription+Helpers.m */; };
		47E616DC1AB7D34800FC25FA /* CoreData.framework in Frameworks */ = {isa = PBXBuildFile; fileRef = 47E616DB1AB7D34800FC25FA /* CoreData.framework */; };
		47E912EA1A84596D0055AB69 /* MCWebContentService.m in Sources */ = {isa = PBXBuildFile; fileRef = 47E912E91A84596D0055AB69 /* MCWebContentService.m */; };
		47E912ED1A8459BD0055AB69 /* MCNewsDetailsObject.m in Sources */ = {isa = PBXBuildFile; fileRef = 47E912EC1A8459BD0055AB69 /* MCNewsDetailsObject.m */; };
		47E9132F1A845FFB0055AB69 /* libxml2.2.dylib in Frameworks */ = {isa = PBXBuildFile; fileRef = 47E9132E1A845FFB0055AB69 /* libxml2.2.dylib */; };
		47E913321A84605D0055AB69 /* MCWebContentParser.m in Sources */ = {isa = PBXBuildFile; fileRef = 47E913311A84605D0055AB69 /* MCWebContentParser.m */; };
		47E9133E1A8466770055AB69 /* libxml2.dylib in Frameworks */ = {isa = PBXBuildFile; fileRef = 47E9133D1A8466770055AB69 /* libxml2.dylib */; };
		47E9134D1A8487710055AB69 /* MCParsedHTMLNode.m in Sources */ = {isa = PBXBuildFile; fileRef = 47E9134C1A8487710055AB69 /* MCParsedHTMLNode.m */; };
		C649C7E21A894F5B0087C340 /* DINPro-Bold.otf in Resources */ = {isa = PBXBuildFile; fileRef = C649C7DF1A894F5B0087C340 /* DINPro-Bold.otf */; };
		C649C7E31A894F5B0087C340 /* DINPro-Regular.otf in Resources */ = {isa = PBXBuildFile; fileRef = C649C7E01A894F5B0087C340 /* DINPro-Regular.otf */; };
		C649C7E41A894F5B0087C340 /* FarnhamDisplay-Bold.otf in Resources */ = {isa = PBXBuildFile; fileRef = C649C7E11A894F5B0087C340 /* FarnhamDisplay-Bold.otf */; };
		C649C8181A8980F10087C340 /* HTMLNode.m in Sources */ = {isa = PBXBuildFile; fileRef = C649C7F21A8980F10087C340 /* HTMLNode.m */; };
		C649C8191A8980F10087C340 /* HTMLParser.m in Sources */ = {isa = PBXBuildFile; fileRef = C649C7F41A8980F10087C340 /* HTMLParser.m */; };
		C649C81A1A8980F10087C340 /* JTSAnimatedGIFUtility.m in Sources */ = {isa = PBXBuildFile; fileRef = C649C7F71A8980F10087C340 /* JTSAnimatedGIFUtility.m */; };
		C649C81B1A8980F10087C340 /* JTSImageInfo.m in Sources */ = {isa = PBXBuildFile; fileRef = C649C7F91A8980F10087C340 /* JTSImageInfo.m */; };
		C649C81C1A8980F10087C340 /* JTSImageViewController.m in Sources */ = {isa = PBXBuildFile; fileRef = C649C7FB1A8980F10087C340 /* JTSImageViewController.m */; };
		C649C81D1A8980F10087C340 /* JTSSimpleImageDownloader.m in Sources */ = {isa = PBXBuildFile; fileRef = C649C7FD1A8980F10087C340 /* JTSSimpleImageDownloader.m */; };
		C649C81E1A8980F10087C340 /* UIApplication+JTSImageViewController.m in Sources */ = {isa = PBXBuildFile; fileRef = C649C7FF1A8980F10087C340 /* UIApplication+JTSImageViewController.m */; };
		C649C81F1A8980F10087C340 /* UIImage+JTSImageEffects.m in Sources */ = {isa = PBXBuildFile; fileRef = C649C8011A8980F10087C340 /* UIImage+JTSImageEffects.m */; };
		C649C84B1A8982B80087C340 /* MCNewsDetailViewController.m in Sources */ = {isa = PBXBuildFile; fileRef = C649C8331A8982B80087C340 /* MCNewsDetailViewController.m */; };
		C649C84C1A8982B80087C340 /* MCDetailNewsBodyView.m in Sources */ = {isa = PBXBuildFile; fileRef = C649C8361A8982B80087C340 /* MCDetailNewsBodyView.m */; };
		C649C84D1A8982B80087C340 /* MCDetailNewsMetaDataView.m in Sources */ = {isa = PBXBuildFile; fileRef = C649C8381A8982B80087C340 /* MCDetailNewsMetaDataView.m */; };
		C649C84E1A8982B80087C340 /* MCDetailNewsTitleView.m in Sources */ = {isa = PBXBuildFile; fileRef = C649C83A1A8982B80087C340 /* MCDetailNewsTitleView.m */; };
		C649C84F1A8982B80087C340 /* MCNewsDetailScrollView.m in Sources */ = {isa = PBXBuildFile; fileRef = C649C83C1A8982B80087C340 /* MCNewsDetailScrollView.m */; };
		C649C8501A8982B80087C340 /* MCNewsImageBlock.m in Sources */ = {isa = PBXBuildFile; fileRef = C649C83F1A8982B80087C340 /* MCNewsImageBlock.m */; };
		C649C8511A8982B80087C340 /* MCNewsTextBlock.m in Sources */ = {isa = PBXBuildFile; fileRef = C649C8411A8982B80087C340 /* MCNewsTextBlock.m */; };
		C649C8521A8982B80087C340 /* MCNewsListViewController.m in Sources */ = {isa = PBXBuildFile; fileRef = C649C8441A8982B80087C340 /* MCNewsListViewController.m */; };
		C649C8531A8982B80087C340 /* MCNewsListTableViewCell.m in Sources */ = {isa = PBXBuildFile; fileRef = C649C8471A8982B80087C340 /* MCNewsListTableViewCell.m */; };
		C649C8541A8982B80087C340 /* MCNewsListTableViewCell.xib in Resources */ = {isa = PBXBuildFile; fileRef = C649C8481A8982B80087C340 /* MCNewsListTableViewCell.xib */; };
		C649C8591A8982C70087C340 /* UIFont+DINFont.m in Sources */ = {isa = PBXBuildFile; fileRef = C649C8581A8982C70087C340 /* UIFont+DINFont.m */; };
		C649C8671A90510F0087C340 /* MBProgressHUD.m in Sources */ = {isa = PBXBuildFile; fileRef = C649C8661A90510F0087C340 /* MBProgressHUD.m */; };
		CA09A42D1AC08C7F006E9C73 /* MCRecommendationService.m in Sources */ = {isa = PBXBuildFile; fileRef = CA09A42C1AC08C7F006E9C73 /* MCRecommendationService.m */; };
		CA90EF2A1A85B7ED005931CF /* MCParsedRSSItem.m in Sources */ = {isa = PBXBuildFile; fileRef = CA90EF291A85B7ED005931CF /* MCParsedRSSItem.m */; };
		CA90EF2D1A85B892005931CF /* MCRSSParser.m in Sources */ = {isa = PBXBuildFile; fileRef = CA90EF2C1A85B892005931CF /* MCRSSParser.m */; };
		CA90EF301A85B8F4005931CF /* MCRSSService.m in Sources */ = {isa = PBXBuildFile; fileRef = CA90EF2F1A85B8F4005931CF /* MCRSSService.m */; };
		CAA074891AB9199600FE2F3B /* MCSourceService.m in Sources */ = {isa = PBXBuildFile; fileRef = CAA074881AB9199600FE2F3B /* MCSourceService.m */; };
		CAA0748E1AB91A3200FE2F3B /* MCSource.m in Sources */ = {isa = PBXBuildFile; fileRef = CAA0748D1AB91A3200FE2F3B /* MCSource.m */; };
		CAEB8DCF1AC0298A006F5AD1 /* Motcha.xcdatamodeld in Sources */ = {isa = PBXBuildFile; fileRef = CAEB8DCD1AC0298A006F5AD1 /* Motcha.xcdatamodeld */; };
		E06B2ED11ABF5087001D714D /* MCDictionaryService.m in Sources */ = {isa = PBXBuildFile; fileRef = E06B2ED01ABF5087001D714D /* MCDictionaryService.m */; };
		E0B343C31A773F030081BE95 /* MCIntroCell.m in Sources */ = {isa = PBXBuildFile; fileRef = E0B343B71A773F030081BE95 /* MCIntroCell.m */; };
		E0B343C41A773F030081BE95 /* MCIntroCell.xib in Resources */ = {isa = PBXBuildFile; fileRef = E0B343B81A773F030081BE95 /* MCIntroCell.xib */; };
		E0B343C51A773F030081BE95 /* MCIntroCollectionViewLayout.m in Sources */ = {isa = PBXBuildFile; fileRef = E0B343BA1A773F030081BE95 /* MCIntroCollectionViewLayout.m */; };
		E0B343C61A773F030081BE95 /* MCIntroFooter.m in Sources */ = {isa = PBXBuildFile; fileRef = E0B343BC1A773F030081BE95 /* MCIntroFooter.m */; };
		E0B343C71A773F030081BE95 /* MCIntroFooter.xib in Resources */ = {isa = PBXBuildFile; fileRef = E0B343BD1A773F030081BE95 /* MCIntroFooter.xib */; };
		E0B343C81A773F030081BE95 /* MCIntroHeader.m in Sources */ = {isa = PBXBuildFile; fileRef = E0B343BF1A773F030081BE95 /* MCIntroHeader.m */; };
		E0B343C91A773F030081BE95 /* MCIntroHeader.xib in Resources */ = {isa = PBXBuildFile; fileRef = E0B343C01A773F030081BE95 /* MCIntroHeader.xib */; };
		E0B343CA1A773F030081BE95 /* MCIntroViewController.m in Sources */ = {isa = PBXBuildFile; fileRef = E0B343C21A773F030081BE95 /* MCIntroViewController.m */; };
		E0EFFBEB1ABF5264002318AA /* dictionary.json in Resources */ = {isa = PBXBuildFile; fileRef = E0EFFBEA1ABF5264002318AA /* dictionary.json */; };
		E0EFFBED1ABF52FA002318AA /* dictionary.json in CopyFiles */ = {isa = PBXBuildFile; fileRef = E0EFFBEA1ABF5264002318AA /* dictionary.json */; };
		E0EFFBF01ABF569D002318AA /* DictionaryEntity.m in Sources */ = {isa = PBXBuildFile; fileRef = E0EFFBEF1ABF569D002318AA /* DictionaryEntity.m */; };
		E0EFFBF31ABF5D66002318AA /* MCDictionaryWord.m in Sources */ = {isa = PBXBuildFile; fileRef = E0EFFBF21ABF5D66002318AA /* MCDictionaryWord.m */; };
		E0EFFBF71ABF91A6002318AA /* store.sqlite in Resources */ = {isa = PBXBuildFile; fileRef = E0EFFBF61ABF91A6002318AA /* store.sqlite */; };
/* End PBXBuildFile section */

/* Begin PBXContainerItemProxy section */
		15E3DB481A6B04BA002F4F4C /* PBXContainerItemProxy */ = {
			isa = PBXContainerItemProxy;
			containerPortal = 15E3DB231A6B04BA002F4F4C /* Project object */;
			proxyType = 1;
			remoteGlobalIDString = 15E3DB2A1A6B04BA002F4F4C;
			remoteInfo = motcha;
		};
/* End PBXContainerItemProxy section */

/* Begin PBXCopyFilesBuildPhase section */
		E0EFFBEC1ABF52E1002318AA /* CopyFiles */ = {
			isa = PBXCopyFilesBuildPhase;
			buildActionMask = 2147483647;
			dstPath = "";
			dstSubfolderSpec = 16;
			files = (
				E0EFFBED1ABF52FA002318AA /* dictionary.json in CopyFiles */,
			);
			runOnlyForDeploymentPostprocessing = 0;
		};
/* End PBXCopyFilesBuildPhase section */

/* Begin PBXFileReference section */
		1539C23A1A9028D000C32877 /* UIImage+Scale.h */ = {isa = PBXFileReference; fileEncoding = 4; lastKnownFileType = sourcecode.c.h; path = "UIImage+Scale.h"; sourceTree = "<group>"; };
		1539C23B1A9028D000C32877 /* UIImage+Scale.m */ = {isa = PBXFileReference; fileEncoding = 4; lastKnownFileType = sourcecode.c.objc; path = "UIImage+Scale.m"; sourceTree = "<group>"; };
		1539C2711A9838F300C32877 /* NSMutableArray+Manipulation.h */ = {isa = PBXFileReference; fileEncoding = 4; lastKnownFileType = sourcecode.c.h; path = "NSMutableArray+Manipulation.h"; sourceTree = "<group>"; };
		1539C2721A9838F300C32877 /* NSMutableArray+Manipulation.m */ = {isa = PBXFileReference; fileEncoding = 4; lastKnownFileType = sourcecode.c.objc; path = "NSMutableArray+Manipulation.m"; sourceTree = "<group>"; };
		1539C2751A9A754A00C32877 /* MCPageView.h */ = {isa = PBXFileReference; fileEncoding = 4; lastKnownFileType = sourcecode.c.h; path = MCPageView.h; sourceTree = "<group>"; };
		1539C2761A9A754A00C32877 /* MCPageView.m */ = {isa = PBXFileReference; fileEncoding = 4; lastKnownFileType = sourcecode.c.objc; path = MCPageView.m; sourceTree = "<group>"; };
		1539C2771A9A754A00C32877 /* MCPageViewController.h */ = {isa = PBXFileReference; fileEncoding = 4; lastKnownFileType = sourcecode.c.h; path = MCPageViewController.h; sourceTree = "<group>"; };
		1539C2781A9A754A00C32877 /* MCPageViewController.m */ = {isa = PBXFileReference; fileEncoding = 4; lastKnownFileType = sourcecode.c.objc; path = MCPageViewController.m; sourceTree = "<group>"; };
		1539C27D1A9A75C300C32877 /* MCCategoryButton.h */ = {isa = PBXFileReference; fileEncoding = 4; lastKnownFileType = sourcecode.c.h; path = MCCategoryButton.h; sourceTree = "<group>"; };
		1539C27E1A9A75C300C32877 /* MCCategoryButton.m */ = {isa = PBXFileReference; fileEncoding = 4; lastKnownFileType = sourcecode.c.objc; path = MCCategoryButton.m; sourceTree = "<group>"; };
		1539C27F1A9A75C300C32877 /* MCNewsCategoryIndicatorView.h */ = {isa = PBXFileReference; fileEncoding = 4; lastKnownFileType = sourcecode.c.h; path = MCNewsCategoryIndicatorView.h; sourceTree = "<group>"; };
		1539C2801A9A75C300C32877 /* MCNewsCategoryIndicatorView.m */ = {isa = PBXFileReference; fileEncoding = 4; lastKnownFileType = sourcecode.c.objc; path = MCNewsCategoryIndicatorView.m; sourceTree = "<group>"; };
		1539C2811A9A75C300C32877 /* MCNewsCategorySelectorScrollView.h */ = {isa = PBXFileReference; fileEncoding = 4; lastKnownFileType = sourcecode.c.h; path = MCNewsCategorySelectorScrollView.h; sourceTree = "<group>"; };
		1539C2821A9A75C300C32877 /* MCNewsCategorySelectorScrollView.m */ = {isa = PBXFileReference; fileEncoding = 4; lastKnownFileType = sourcecode.c.objc; path = MCNewsCategorySelectorScrollView.m; sourceTree = "<group>"; };
		153F55321AA12D0300487C2F /* UIColor+Helpers.h */ = {isa = PBXFileReference; fileEncoding = 4; lastKnownFileType = sourcecode.c.h; path = "UIColor+Helpers.h"; sourceTree = "<group>"; };
		153F55331AA12D0300487C2F /* UIColor+Helpers.m */ = {isa = PBXFileReference; fileEncoding = 4; lastKnownFileType = sourcecode.c.objc; path = "UIColor+Helpers.m"; sourceTree = "<group>"; };
		153F55741AAA5A2500487C2F /* MCNewsListsContainerController.h */ = {isa = PBXFileReference; fileEncoding = 4; lastKnownFileType = sourcecode.c.h; path = MCNewsListsContainerController.h; sourceTree = "<group>"; };
		153F55751AAA5A2500487C2F /* MCNewsListsContainerController.m */ = {isa = PBXFileReference; fileEncoding = 4; lastKnownFileType = sourcecode.c.objc; path = MCNewsListsContainerController.m; sourceTree = "<group>"; };
		15461A5C1AAEAFA90008025A /* MCNewsCategoryAddView.h */ = {isa = PBXFileReference; fileEncoding = 4; lastKnownFileType = sourcecode.c.h; path = MCNewsCategoryAddView.h; sourceTree = "<group>"; };
		15461A5D1AAEAFA90008025A /* MCNewsCategoryAddView.m */ = {isa = PBXFileReference; fileEncoding = 4; lastKnownFileType = sourcecode.c.objc; path = MCNewsCategoryAddView.m; sourceTree = "<group>"; };
		15461A5F1AAEAFF60008025A /* MCNewsCategoryAddView.xib */ = {isa = PBXFileReference; fileEncoding = 4; lastKnownFileType = file.xib; path = MCNewsCategoryAddView.xib; sourceTree = "<group>"; };
		15461A611AAF75CA0008025A /* MCNewsCategorySelectorView.h */ = {isa = PBXFileReference; fileEncoding = 4; lastKnownFileType = sourcecode.c.h; path = MCNewsCategorySelectorView.h; sourceTree = "<group>"; };
		15461A621AAF75CA0008025A /* MCNewsCategorySelectorView.m */ = {isa = PBXFileReference; fileEncoding = 4; lastKnownFileType = sourcecode.c.objc; path = MCNewsCategorySelectorView.m; sourceTree = "<group>"; };
		15461A681AAFA25F0008025A /* MCTextView.h */ = {isa = PBXFileReference; fileEncoding = 4; lastKnownFileType = sourcecode.c.h; path = MCTextView.h; sourceTree = "<group>"; };
		15461A691AAFA25F0008025A /* MCTextView.m */ = {isa = PBXFileReference; fileEncoding = 4; lastKnownFileType = sourcecode.c.objc; path = MCTextView.m; sourceTree = "<group>"; };
		1561B4591ABA3D8C00AB6D5B /* MCLabel.h */ = {isa = PBXFileReference; fileEncoding = 4; lastKnownFileType = sourcecode.c.h; path = MCLabel.h; sourceTree = "<group>"; };
		1561B45A1ABA3D8C00AB6D5B /* MCLabel.m */ = {isa = PBXFileReference; fileEncoding = 4; lastKnownFileType = sourcecode.c.objc; path = MCLabel.m; sourceTree = "<group>"; };
		1561B45C1ABB486800AB6D5B /* NSString+Helpers.h */ = {isa = PBXFileReference; fileEncoding = 4; lastKnownFileType = sourcecode.c.h; path = "NSString+Helpers.h"; sourceTree = "<group>"; };
		1561B45D1ABB486800AB6D5B /* NSString+Helpers.m */ = {isa = PBXFileReference; fileEncoding = 4; lastKnownFileType = sourcecode.c.objc; path = "NSString+Helpers.m"; sourceTree = "<group>"; };
		1561B45F1ABB874700AB6D5B /* NSDate+TimeAgo.h */ = {isa = PBXFileReference; fileEncoding = 4; lastKnownFileType = sourcecode.c.h; path = "NSDate+TimeAgo.h"; sourceTree = "<group>"; };
		1561B4601ABB874700AB6D5B /* NSDate+TimeAgo.m */ = {isa = PBXFileReference; fileEncoding = 4; lastKnownFileType = sourcecode.c.objc; path = "NSDate+TimeAgo.m"; sourceTree = "<group>"; };
		1561B4BB1ABD02B800AB6D5B /* AFHTTPRequestOperation.h */ = {isa = PBXFileReference; fileEncoding = 4; lastKnownFileType = sourcecode.c.h; path = AFHTTPRequestOperation.h; sourceTree = "<group>"; };
		1561B4BC1ABD02B800AB6D5B /* AFHTTPRequestOperation.m */ = {isa = PBXFileReference; fileEncoding = 4; lastKnownFileType = sourcecode.c.objc; path = AFHTTPRequestOperation.m; sourceTree = "<group>"; };
		1561B4BD1ABD02B800AB6D5B /* AFHTTPRequestOperationManager.h */ = {isa = PBXFileReference; fileEncoding = 4; lastKnownFileType = sourcecode.c.h; path = AFHTTPRequestOperationManager.h; sourceTree = "<group>"; };
		1561B4BE1ABD02B800AB6D5B /* AFHTTPRequestOperationManager.m */ = {isa = PBXFileReference; fileEncoding = 4; lastKnownFileType = sourcecode.c.objc; path = AFHTTPRequestOperationManager.m; sourceTree = "<group>"; };
		1561B4BF1ABD02B800AB6D5B /* AFHTTPSessionManager.h */ = {isa = PBXFileReference; fileEncoding = 4; lastKnownFileType = sourcecode.c.h; path = AFHTTPSessionManager.h; sourceTree = "<group>"; };
		1561B4C01ABD02B800AB6D5B /* AFHTTPSessionManager.m */ = {isa = PBXFileReference; fileEncoding = 4; lastKnownFileType = sourcecode.c.objc; path = AFHTTPSessionManager.m; sourceTree = "<group>"; };
		1561B4C11ABD02B800AB6D5B /* AFNetworking.h */ = {isa = PBXFileReference; fileEncoding = 4; lastKnownFileType = sourcecode.c.h; path = AFNetworking.h; sourceTree = "<group>"; };
		1561B4C21ABD02B800AB6D5B /* AFNetworkReachabilityManager.h */ = {isa = PBXFileReference; fileEncoding = 4; lastKnownFileType = sourcecode.c.h; path = AFNetworkReachabilityManager.h; sourceTree = "<group>"; };
		1561B4C31ABD02B800AB6D5B /* AFNetworkReachabilityManager.m */ = {isa = PBXFileReference; fileEncoding = 4; lastKnownFileType = sourcecode.c.objc; path = AFNetworkReachabilityManager.m; sourceTree = "<group>"; };
		1561B4C41ABD02B800AB6D5B /* AFSecurityPolicy.h */ = {isa = PBXFileReference; fileEncoding = 4; lastKnownFileType = sourcecode.c.h; path = AFSecurityPolicy.h; sourceTree = "<group>"; };
		1561B4C51ABD02B800AB6D5B /* AFSecurityPolicy.m */ = {isa = PBXFileReference; fileEncoding = 4; lastKnownFileType = sourcecode.c.objc; path = AFSecurityPolicy.m; sourceTree = "<group>"; };
		1561B4C61ABD02B800AB6D5B /* AFURLConnectionOperation.h */ = {isa = PBXFileReference; fileEncoding = 4; lastKnownFileType = sourcecode.c.h; path = AFURLConnectionOperation.h; sourceTree = "<group>"; };
		1561B4C71ABD02B800AB6D5B /* AFURLConnectionOperation.m */ = {isa = PBXFileReference; fileEncoding = 4; lastKnownFileType = sourcecode.c.objc; path = AFURLConnectionOperation.m; sourceTree = "<group>"; };
		1561B4C81ABD02B800AB6D5B /* AFURLRequestSerialization.h */ = {isa = PBXFileReference; fileEncoding = 4; lastKnownFileType = sourcecode.c.h; path = AFURLRequestSerialization.h; sourceTree = "<group>"; };
		1561B4C91ABD02B800AB6D5B /* AFURLRequestSerialization.m */ = {isa = PBXFileReference; fileEncoding = 4; lastKnownFileType = sourcecode.c.objc; path = AFURLRequestSerialization.m; sourceTree = "<group>"; };
		1561B4CA1ABD02B800AB6D5B /* AFURLResponseSerialization.h */ = {isa = PBXFileReference; fileEncoding = 4; lastKnownFileType = sourcecode.c.h; path = AFURLResponseSerialization.h; sourceTree = "<group>"; };
		1561B4CB1ABD02B800AB6D5B /* AFURLResponseSerialization.m */ = {isa = PBXFileReference; fileEncoding = 4; lastKnownFileType = sourcecode.c.objc; path = AFURLResponseSerialization.m; sourceTree = "<group>"; };
		1561B4CC1ABD02B800AB6D5B /* AFURLSessionManager.h */ = {isa = PBXFileReference; fileEncoding = 4; lastKnownFileType = sourcecode.c.h; path = AFURLSessionManager.h; sourceTree = "<group>"; };
		1561B4CD1ABD02B800AB6D5B /* AFURLSessionManager.m */ = {isa = PBXFileReference; fileEncoding = 4; lastKnownFileType = sourcecode.c.objc; path = AFURLSessionManager.m; sourceTree = "<group>"; };
		1561B4CF1ABD02B800AB6D5B /* AFNetworkActivityIndicatorManager.h */ = {isa = PBXFileReference; fileEncoding = 4; lastKnownFileType = sourcecode.c.h; path = AFNetworkActivityIndicatorManager.h; sourceTree = "<group>"; };
		1561B4D01ABD02B800AB6D5B /* AFNetworkActivityIndicatorManager.m */ = {isa = PBXFileReference; fileEncoding = 4; lastKnownFileType = sourcecode.c.objc; path = AFNetworkActivityIndicatorManager.m; sourceTree = "<group>"; };
		1561B4D11ABD02B800AB6D5B /* UIActivityIndicatorView+AFNetworking.h */ = {isa = PBXFileReference; fileEncoding = 4; lastKnownFileType = sourcecode.c.h; path = "UIActivityIndicatorView+AFNetworking.h"; sourceTree = "<group>"; };
		1561B4D21ABD02B800AB6D5B /* UIActivityIndicatorView+AFNetworking.m */ = {isa = PBXFileReference; fileEncoding = 4; lastKnownFileType = sourcecode.c.objc; path = "UIActivityIndicatorView+AFNetworking.m"; sourceTree = "<group>"; };
		1561B4D31ABD02B800AB6D5B /* UIAlertView+AFNetworking.h */ = {isa = PBXFileReference; fileEncoding = 4; lastKnownFileType = sourcecode.c.h; path = "UIAlertView+AFNetworking.h"; sourceTree = "<group>"; };
		1561B4D41ABD02B800AB6D5B /* UIAlertView+AFNetworking.m */ = {isa = PBXFileReference; fileEncoding = 4; lastKnownFileType = sourcecode.c.objc; path = "UIAlertView+AFNetworking.m"; sourceTree = "<group>"; };
		1561B4D51ABD02B800AB6D5B /* UIButton+AFNetworking.h */ = {isa = PBXFileReference; fileEncoding = 4; lastKnownFileType = sourcecode.c.h; path = "UIButton+AFNetworking.h"; sourceTree = "<group>"; };
		1561B4D61ABD02B800AB6D5B /* UIButton+AFNetworking.m */ = {isa = PBXFileReference; fileEncoding = 4; lastKnownFileType = sourcecode.c.objc; path = "UIButton+AFNetworking.m"; sourceTree = "<group>"; };
		1561B4D71ABD02B800AB6D5B /* UIImageView+AFNetworking.h */ = {isa = PBXFileReference; fileEncoding = 4; lastKnownFileType = sourcecode.c.h; path = "UIImageView+AFNetworking.h"; sourceTree = "<group>"; };
		1561B4D81ABD02B800AB6D5B /* UIImageView+AFNetworking.m */ = {isa = PBXFileReference; fileEncoding = 4; lastKnownFileType = sourcecode.c.objc; path = "UIImageView+AFNetworking.m"; sourceTree = "<group>"; };
		1561B4D91ABD02B800AB6D5B /* UIKit+AFNetworking.h */ = {isa = PBXFileReference; fileEncoding = 4; lastKnownFileType = sourcecode.c.h; path = "UIKit+AFNetworking.h"; sourceTree = "<group>"; };
		1561B4DA1ABD02B800AB6D5B /* UIProgressView+AFNetworking.h */ = {isa = PBXFileReference; fileEncoding = 4; lastKnownFileType = sourcecode.c.h; path = "UIProgressView+AFNetworking.h"; sourceTree = "<group>"; };
		1561B4DB1ABD02B800AB6D5B /* UIProgressView+AFNetworking.m */ = {isa = PBXFileReference; fileEncoding = 4; lastKnownFileType = sourcecode.c.objc; path = "UIProgressView+AFNetworking.m"; sourceTree = "<group>"; };
		1561B4DC1ABD02B800AB6D5B /* UIRefreshControl+AFNetworking.h */ = {isa = PBXFileReference; fileEncoding = 4; lastKnownFileType = sourcecode.c.h; path = "UIRefreshControl+AFNetworking.h"; sourceTree = "<group>"; };
		1561B4DD1ABD02B800AB6D5B /* UIRefreshControl+AFNetworking.m */ = {isa = PBXFileReference; fileEncoding = 4; lastKnownFileType = sourcecode.c.objc; path = "UIRefreshControl+AFNetworking.m"; sourceTree = "<group>"; };
		1561B4DE1ABD02B800AB6D5B /* UIWebView+AFNetworking.h */ = {isa = PBXFileReference; fileEncoding = 4; lastKnownFileType = sourcecode.c.h; path = "UIWebView+AFNetworking.h"; sourceTree = "<group>"; };
		1561B4DF1ABD02B800AB6D5B /* UIWebView+AFNetworking.m */ = {isa = PBXFileReference; fileEncoding = 4; lastKnownFileType = sourcecode.c.objc; path = "UIWebView+AFNetworking.m"; sourceTree = "<group>"; };
		157314881AC0A7E600E65C02 /* BMYCircularProgressPullToRefresh.h */ = {isa = PBXFileReference; fileEncoding = 4; lastKnownFileType = sourcecode.c.h; path = BMYCircularProgressPullToRefresh.h; sourceTree = "<group>"; };
		1573148A1AC0A7E600E65C02 /* BMYCircularProgressView.h */ = {isa = PBXFileReference; fileEncoding = 4; lastKnownFileType = sourcecode.c.h; path = BMYCircularProgressView.h; sourceTree = "<group>"; };
		1573148B1AC0A7E600E65C02 /* BMYCircularProgressView.m */ = {isa = PBXFileReference; fileEncoding = 4; lastKnownFileType = sourcecode.c.objc; path = BMYCircularProgressView.m; sourceTree = "<group>"; };
		1573148C1AC0A7E600E65C02 /* BMYProgressViewProtocol.h */ = {isa = PBXFileReference; fileEncoding = 4; lastKnownFileType = sourcecode.c.h; path = BMYProgressViewProtocol.h; sourceTree = "<group>"; };
		1573148E1AC0A7E600E65C02 /* BMYPullToRefreshView.h */ = {isa = PBXFileReference; fileEncoding = 4; lastKnownFileType = sourcecode.c.h; path = BMYPullToRefreshView.h; sourceTree = "<group>"; };
		1573148F1AC0A7E600E65C02 /* BMYPullToRefreshView.m */ = {isa = PBXFileReference; fileEncoding = 4; lastKnownFileType = sourcecode.c.objc; path = BMYPullToRefreshView.m; sourceTree = "<group>"; };
		157314901AC0A7E600E65C02 /* UIScrollView+BMYPullToRefresh.h */ = {isa = PBXFileReference; fileEncoding = 4; lastKnownFileType = sourcecode.c.h; path = "UIScrollView+BMYPullToRefresh.h"; sourceTree = "<group>"; };
		157314911AC0A7E600E65C02 /* UIScrollView+BMYPullToRefresh.m */ = {isa = PBXFileReference; fileEncoding = 4; lastKnownFileType = sourcecode.c.objc; path = "UIScrollView+BMYPullToRefresh.m"; sourceTree = "<group>"; };
		157314951AC0FEDB00E65C02 /* MCNewsListFooterView.h */ = {isa = PBXFileReference; fileEncoding = 4; lastKnownFileType = sourcecode.c.h; path = MCNewsListFooterView.h; sourceTree = "<group>"; };
		157314961AC0FEDB00E65C02 /* MCNewsListFooterView.m */ = {isa = PBXFileReference; fileEncoding = 4; lastKnownFileType = sourcecode.c.objc; path = MCNewsListFooterView.m; sourceTree = "<group>"; };
		157314981AC0FF0D00E65C02 /* MCNewsListFooterView.xib */ = {isa = PBXFileReference; fileEncoding = 4; lastKnownFileType = file.xib; path = MCNewsListFooterView.xib; sourceTree = "<group>"; };
		15A25E1C1AB15EF400761782 /* UIViewController+Swizzling.h */ = {isa = PBXFileReference; fileEncoding = 4; lastKnownFileType = sourcecode.c.h; path = "UIViewController+Swizzling.h"; sourceTree = "<group>"; };
		15A25E1D1AB15EF400761782 /* UIViewController+Swizzling.m */ = {isa = PBXFileReference; fileEncoding = 4; lastKnownFileType = sourcecode.c.objc; path = "UIViewController+Swizzling.m"; sourceTree = "<group>"; };
		15DB977B1A8911190066B469 /* MCKeyValuePair.h */ = {isa = PBXFileReference; fileEncoding = 4; lastKnownFileType = sourcecode.c.h; path = MCKeyValuePair.h; sourceTree = "<group>"; };
		15DB977C1A8911190066B469 /* MCKeyValuePair.m */ = {isa = PBXFileReference; fileEncoding = 4; lastKnownFileType = sourcecode.c.objc; path = MCKeyValuePair.m; sourceTree = "<group>"; };
		15DB977F1A89112F0066B469 /* MCNavigationBar.h */ = {isa = PBXFileReference; fileEncoding = 4; lastKnownFileType = sourcecode.c.h; path = MCNavigationBar.h; sourceTree = "<group>"; };
		15DB97801A89112F0066B469 /* MCNavigationBar.m */ = {isa = PBXFileReference; fileEncoding = 4; lastKnownFileType = sourcecode.c.objc; path = MCNavigationBar.m; sourceTree = "<group>"; };
		15DB97811A89112F0066B469 /* MCNavigationBarCustomizationDelegate.h */ = {isa = PBXFileReference; fileEncoding = 4; lastKnownFileType = sourcecode.c.h; path = MCNavigationBarCustomizationDelegate.h; sourceTree = "<group>"; };
		15DB97821A89112F0066B469 /* MCNavigationController.h */ = {isa = PBXFileReference; fileEncoding = 4; lastKnownFileType = sourcecode.c.h; path = MCNavigationController.h; sourceTree = "<group>"; };
		15DB97831A89112F0066B469 /* MCNavigationController.m */ = {isa = PBXFileReference; fileEncoding = 4; lastKnownFileType = sourcecode.c.objc; path = MCNavigationController.m; sourceTree = "<group>"; };
		15DB97851A89112F0066B469 /* MCNavigationBarAppearanceAuxiliaryView.h */ = {isa = PBXFileReference; fileEncoding = 4; lastKnownFileType = sourcecode.c.h; path = MCNavigationBarAppearanceAuxiliaryView.h; sourceTree = "<group>"; };
		15DB97861A89112F0066B469 /* MCNavigationBarAppearanceAuxiliaryView.m */ = {isa = PBXFileReference; fileEncoding = 4; lastKnownFileType = sourcecode.c.objc; path = MCNavigationBarAppearanceAuxiliaryView.m; sourceTree = "<group>"; };
		15DB97871A89112F0066B469 /* MCNavigationBarAppearanceBackgroundAlpha.h */ = {isa = PBXFileReference; fileEncoding = 4; lastKnownFileType = sourcecode.c.h; path = MCNavigationBarAppearanceBackgroundAlpha.h; sourceTree = "<group>"; };
		15DB97881A89112F0066B469 /* MCNavigationBarAppearanceBackgroundAlpha.m */ = {isa = PBXFileReference; fileEncoding = 4; lastKnownFileType = sourcecode.c.objc; path = MCNavigationBarAppearanceBackgroundAlpha.m; sourceTree = "<group>"; };
		15DB97891A89112F0066B469 /* MCNavigationBarAppearanceStrategy.h */ = {isa = PBXFileReference; fileEncoding = 4; lastKnownFileType = sourcecode.c.h; path = MCNavigationBarAppearanceStrategy.h; sourceTree = "<group>"; };
		15DB978A1A89112F0066B469 /* MCNavigationBarAppearanceStrategy.m */ = {isa = PBXFileReference; fileEncoding = 4; lastKnownFileType = sourcecode.c.objc; path = MCNavigationBarAppearanceStrategy.m; sourceTree = "<group>"; };
		15DB978B1A89112F0066B469 /* MCNavigationBarAppearanceStrategyProtocol.h */ = {isa = PBXFileReference; fileEncoding = 4; lastKnownFileType = sourcecode.c.h; path = MCNavigationBarAppearanceStrategyProtocol.h; sourceTree = "<group>"; };
		15E3DB2B1A6B04BA002F4F4C /* motcha.app */ = {isa = PBXFileReference; explicitFileType = wrapper.application; includeInIndex = 0; path = motcha.app; sourceTree = BUILT_PRODUCTS_DIR; };
		15E3DB2F1A6B04BA002F4F4C /* Info.plist */ = {isa = PBXFileReference; lastKnownFileType = text.plist.xml; path = Info.plist; sourceTree = "<group>"; };
		15E3DB301A6B04BA002F4F4C /* main.m */ = {isa = PBXFileReference; lastKnownFileType = sourcecode.c.objc; path = main.m; sourceTree = "<group>"; };
		15E3DB321A6B04BA002F4F4C /* MCAppDelegate.h */ = {isa = PBXFileReference; lastKnownFileType = sourcecode.c.h; path = MCAppDelegate.h; sourceTree = "<group>"; };
		15E3DB331A6B04BA002F4F4C /* MCAppDelegate.m */ = {isa = PBXFileReference; lastKnownFileType = sourcecode.c.objc; path = MCAppDelegate.m; sourceTree = "<group>"; };
		15E3DB3E1A6B04BA002F4F4C /* Images.xcassets */ = {isa = PBXFileReference; lastKnownFileType = folder.assetcatalog; path = Images.xcassets; sourceTree = "<group>"; };
		15E3DB411A6B04BA002F4F4C /* Base */ = {isa = PBXFileReference; lastKnownFileType = file.xib; name = Base; path = Base.lproj/LaunchScreen.xib; sourceTree = "<group>"; };
		15E3DB471A6B04BA002F4F4C /* motchaTests.xctest */ = {isa = PBXFileReference; explicitFileType = wrapper.cfbundle; includeInIndex = 0; path = motchaTests.xctest; sourceTree = BUILT_PRODUCTS_DIR; };
		15E3DB4C1A6B04BA002F4F4C /* Info.plist */ = {isa = PBXFileReference; lastKnownFileType = text.plist.xml; path = Info.plist; sourceTree = "<group>"; };
		15E3DB4D1A6B04BA002F4F4C /* motchaTests.m */ = {isa = PBXFileReference; lastKnownFileType = sourcecode.c.objc; path = motchaTests.m; sourceTree = "<group>"; };
		283682A71FB25678856A2E93 /* Pods-motcha.release.xcconfig */ = {isa = PBXFileReference; includeInIndex = 1; lastKnownFileType = text.xcconfig; name = "Pods-motcha.release.xcconfig"; path = "Pods/Target Support Files/Pods-motcha/Pods-motcha.release.xcconfig"; sourceTree = "<group>"; };
		47E616CF1AB7D34000FC25FA /* CategoryEntity.h */ = {isa = PBXFileReference; fileEncoding = 4; lastKnownFileType = sourcecode.c.h; path = CategoryEntity.h; sourceTree = "<group>"; };
		47E616D01AB7D34000FC25FA /* CategoryEntity.m */ = {isa = PBXFileReference; fileEncoding = 4; lastKnownFileType = sourcecode.c.objc; path = CategoryEntity.m; sourceTree = "<group>"; };
		47E616D11AB7D34000FC25FA /* MCDatabaseManager.h */ = {isa = PBXFileReference; fileEncoding = 4; lastKnownFileType = sourcecode.c.h; path = MCDatabaseManager.h; sourceTree = "<group>"; };
		47E616D21AB7D34000FC25FA /* MCDatabaseManager.m */ = {isa = PBXFileReference; fileEncoding = 4; lastKnownFileType = sourcecode.c.objc; path = MCDatabaseManager.m; sourceTree = "<group>"; };
		47E616D31AB7D34000FC25FA /* MCLocalStorageService.h */ = {isa = PBXFileReference; fileEncoding = 4; lastKnownFileType = sourcecode.c.h; path = MCLocalStorageService.h; sourceTree = "<group>"; };
		47E616D41AB7D34000FC25FA /* MCLocalStorageService.m */ = {isa = PBXFileReference; fileEncoding = 4; lastKnownFileType = sourcecode.c.objc; path = MCLocalStorageService.m; sourceTree = "<group>"; };
		47E616D51AB7D34000FC25FA /* NSEntityDescription+Helpers.h */ = {isa = PBXFileReference; fileEncoding = 4; lastKnownFileType = sourcecode.c.h; path = "NSEntityDescription+Helpers.h"; sourceTree = "<group>"; };
		47E616D61AB7D34000FC25FA /* NSEntityDescription+Helpers.m */ = {isa = PBXFileReference; fileEncoding = 4; lastKnownFileType = sourcecode.c.objc; path = "NSEntityDescription+Helpers.m"; sourceTree = "<group>"; };
		47E616DB1AB7D34800FC25FA /* CoreData.framework */ = {isa = PBXFileReference; lastKnownFileType = wrapper.framework; name = CoreData.framework; path = System/Library/Frameworks/CoreData.framework; sourceTree = SDKROOT; };
		47E912E81A84596D0055AB69 /* MCWebContentService.h */ = {isa = PBXFileReference; fileEncoding = 4; lastKnownFileType = sourcecode.c.h; name = MCWebContentService.h; path = Network/MCWebContentService.h; sourceTree = "<group>"; };
		47E912E91A84596D0055AB69 /* MCWebContentService.m */ = {isa = PBXFileReference; fileEncoding = 4; lastKnownFileType = sourcecode.c.objc; name = MCWebContentService.m; path = Network/MCWebContentService.m; sourceTree = "<group>"; };
		47E912EB1A8459BD0055AB69 /* MCNewsDetailsObject.h */ = {isa = PBXFileReference; fileEncoding = 4; lastKnownFileType = sourcecode.c.h; name = MCNewsDetailsObject.h; path = DataModel/MCNewsDetailsObject.h; sourceTree = "<group>"; };
		47E912EC1A8459BD0055AB69 /* MCNewsDetailsObject.m */ = {isa = PBXFileReference; fileEncoding = 4; lastKnownFileType = sourcecode.c.objc; name = MCNewsDetailsObject.m; path = DataModel/MCNewsDetailsObject.m; sourceTree = "<group>"; };
		47E9132E1A845FFB0055AB69 /* libxml2.2.dylib */ = {isa = PBXFileReference; lastKnownFileType = "compiled.mach-o.dylib"; name = libxml2.2.dylib; path = usr/lib/libxml2.2.dylib; sourceTree = SDKROOT; };
		47E913301A84605D0055AB69 /* MCWebContentParser.h */ = {isa = PBXFileReference; fileEncoding = 4; lastKnownFileType = sourcecode.c.h; name = MCWebContentParser.h; path = Network/MCWebContentParser.h; sourceTree = "<group>"; };
		47E913311A84605D0055AB69 /* MCWebContentParser.m */ = {isa = PBXFileReference; fileEncoding = 4; lastKnownFileType = sourcecode.c.objc; name = MCWebContentParser.m; path = Network/MCWebContentParser.m; sourceTree = "<group>"; };
		47E9133D1A8466770055AB69 /* libxml2.dylib */ = {isa = PBXFileReference; lastKnownFileType = "compiled.mach-o.dylib"; name = libxml2.dylib; path = usr/lib/libxml2.dylib; sourceTree = SDKROOT; };
		47E9134B1A8487710055AB69 /* MCParsedHTMLNode.h */ = {isa = PBXFileReference; fileEncoding = 4; lastKnownFileType = sourcecode.c.h; name = MCParsedHTMLNode.h; path = DataModel/MCParsedHTMLNode.h; sourceTree = "<group>"; };
		47E9134C1A8487710055AB69 /* MCParsedHTMLNode.m */ = {isa = PBXFileReference; fileEncoding = 4; lastKnownFileType = sourcecode.c.objc; name = MCParsedHTMLNode.m; path = DataModel/MCParsedHTMLNode.m; sourceTree = "<group>"; };
		553B1E2B6F644288AA253CF3 /* Pods-motcha.debug.xcconfig */ = {isa = PBXFileReference; includeInIndex = 1; lastKnownFileType = text.xcconfig; name = "Pods-motcha.debug.xcconfig"; path = "Pods/Target Support Files/Pods-motcha/Pods-motcha.debug.xcconfig"; sourceTree = "<group>"; };
		C649C7DF1A894F5B0087C340 /* DINPro-Bold.otf */ = {isa = PBXFileReference; lastKnownFileType = file; path = "DINPro-Bold.otf"; sourceTree = "<group>"; };
		C649C7E01A894F5B0087C340 /* DINPro-Regular.otf */ = {isa = PBXFileReference; lastKnownFileType = file; path = "DINPro-Regular.otf"; sourceTree = "<group>"; };
		C649C7E11A894F5B0087C340 /* FarnhamDisplay-Bold.otf */ = {isa = PBXFileReference; lastKnownFileType = file; path = "FarnhamDisplay-Bold.otf"; sourceTree = "<group>"; };
		C649C7F11A8980F10087C340 /* HTMLNode.h */ = {isa = PBXFileReference; fileEncoding = 4; lastKnownFileType = sourcecode.c.h; path = HTMLNode.h; sourceTree = "<group>"; };
		C649C7F21A8980F10087C340 /* HTMLNode.m */ = {isa = PBXFileReference; fileEncoding = 4; lastKnownFileType = sourcecode.c.objc; path = HTMLNode.m; sourceTree = "<group>"; };
		C649C7F31A8980F10087C340 /* HTMLParser.h */ = {isa = PBXFileReference; fileEncoding = 4; lastKnownFileType = sourcecode.c.h; path = HTMLParser.h; sourceTree = "<group>"; };
		C649C7F41A8980F10087C340 /* HTMLParser.m */ = {isa = PBXFileReference; fileEncoding = 4; lastKnownFileType = sourcecode.c.objc; path = HTMLParser.m; sourceTree = "<group>"; };
		C649C7F61A8980F10087C340 /* JTSAnimatedGIFUtility.h */ = {isa = PBXFileReference; fileEncoding = 4; lastKnownFileType = sourcecode.c.h; path = JTSAnimatedGIFUtility.h; sourceTree = "<group>"; };
		C649C7F71A8980F10087C340 /* JTSAnimatedGIFUtility.m */ = {isa = PBXFileReference; fileEncoding = 4; lastKnownFileType = sourcecode.c.objc; path = JTSAnimatedGIFUtility.m; sourceTree = "<group>"; };
		C649C7F81A8980F10087C340 /* JTSImageInfo.h */ = {isa = PBXFileReference; fileEncoding = 4; lastKnownFileType = sourcecode.c.h; path = JTSImageInfo.h; sourceTree = "<group>"; };
		C649C7F91A8980F10087C340 /* JTSImageInfo.m */ = {isa = PBXFileReference; fileEncoding = 4; lastKnownFileType = sourcecode.c.objc; path = JTSImageInfo.m; sourceTree = "<group>"; };
		C649C7FA1A8980F10087C340 /* JTSImageViewController.h */ = {isa = PBXFileReference; fileEncoding = 4; lastKnownFileType = sourcecode.c.h; path = JTSImageViewController.h; sourceTree = "<group>"; };
		C649C7FB1A8980F10087C340 /* JTSImageViewController.m */ = {isa = PBXFileReference; fileEncoding = 4; lastKnownFileType = sourcecode.c.objc; path = JTSImageViewController.m; sourceTree = "<group>"; };
		C649C7FC1A8980F10087C340 /* JTSSimpleImageDownloader.h */ = {isa = PBXFileReference; fileEncoding = 4; lastKnownFileType = sourcecode.c.h; path = JTSSimpleImageDownloader.h; sourceTree = "<group>"; };
		C649C7FD1A8980F10087C340 /* JTSSimpleImageDownloader.m */ = {isa = PBXFileReference; fileEncoding = 4; lastKnownFileType = sourcecode.c.objc; path = JTSSimpleImageDownloader.m; sourceTree = "<group>"; };
		C649C7FE1A8980F10087C340 /* UIApplication+JTSImageViewController.h */ = {isa = PBXFileReference; fileEncoding = 4; lastKnownFileType = sourcecode.c.h; path = "UIApplication+JTSImageViewController.h"; sourceTree = "<group>"; };
		C649C7FF1A8980F10087C340 /* UIApplication+JTSImageViewController.m */ = {isa = PBXFileReference; fileEncoding = 4; lastKnownFileType = sourcecode.c.objc; path = "UIApplication+JTSImageViewController.m"; sourceTree = "<group>"; };
		C649C8001A8980F10087C340 /* UIImage+JTSImageEffects.h */ = {isa = PBXFileReference; fileEncoding = 4; lastKnownFileType = sourcecode.c.h; path = "UIImage+JTSImageEffects.h"; sourceTree = "<group>"; };
		C649C8011A8980F10087C340 /* UIImage+JTSImageEffects.m */ = {isa = PBXFileReference; fileEncoding = 4; lastKnownFileType = sourcecode.c.objc; path = "UIImage+JTSImageEffects.m"; sourceTree = "<group>"; };
		C649C8321A8982B80087C340 /* MCNewsDetailViewController.h */ = {isa = PBXFileReference; fileEncoding = 4; lastKnownFileType = sourcecode.c.h; path = MCNewsDetailViewController.h; sourceTree = "<group>"; };
		C649C8331A8982B80087C340 /* MCNewsDetailViewController.m */ = {isa = PBXFileReference; fileEncoding = 4; lastKnownFileType = sourcecode.c.objc; path = MCNewsDetailViewController.m; sourceTree = "<group>"; };
		C649C8351A8982B80087C340 /* MCDetailNewsBodyView.h */ = {isa = PBXFileReference; fileEncoding = 4; lastKnownFileType = sourcecode.c.h; path = MCDetailNewsBodyView.h; sourceTree = "<group>"; };
		C649C8361A8982B80087C340 /* MCDetailNewsBodyView.m */ = {isa = PBXFileReference; fileEncoding = 4; lastKnownFileType = sourcecode.c.objc; path = MCDetailNewsBodyView.m; sourceTree = "<group>"; };
		C649C8371A8982B80087C340 /* MCDetailNewsMetaDataView.h */ = {isa = PBXFileReference; fileEncoding = 4; lastKnownFileType = sourcecode.c.h; path = MCDetailNewsMetaDataView.h; sourceTree = "<group>"; };
		C649C8381A8982B80087C340 /* MCDetailNewsMetaDataView.m */ = {isa = PBXFileReference; fileEncoding = 4; lastKnownFileType = sourcecode.c.objc; path = MCDetailNewsMetaDataView.m; sourceTree = "<group>"; };
		C649C8391A8982B80087C340 /* MCDetailNewsTitleView.h */ = {isa = PBXFileReference; fileEncoding = 4; lastKnownFileType = sourcecode.c.h; path = MCDetailNewsTitleView.h; sourceTree = "<group>"; };
		C649C83A1A8982B80087C340 /* MCDetailNewsTitleView.m */ = {isa = PBXFileReference; fileEncoding = 4; lastKnownFileType = sourcecode.c.objc; path = MCDetailNewsTitleView.m; sourceTree = "<group>"; };
		C649C83B1A8982B80087C340 /* MCNewsDetailScrollView.h */ = {isa = PBXFileReference; fileEncoding = 4; lastKnownFileType = sourcecode.c.h; path = MCNewsDetailScrollView.h; sourceTree = "<group>"; };
		C649C83C1A8982B80087C340 /* MCNewsDetailScrollView.m */ = {isa = PBXFileReference; fileEncoding = 4; lastKnownFileType = sourcecode.c.objc; path = MCNewsDetailScrollView.m; sourceTree = "<group>"; };
		C649C83D1A8982B80087C340 /* MCNewsDetailScrollViewDelegate.h */ = {isa = PBXFileReference; fileEncoding = 4; lastKnownFileType = sourcecode.c.h; path = MCNewsDetailScrollViewDelegate.h; sourceTree = "<group>"; };
		C649C83E1A8982B80087C340 /* MCNewsImageBlock.h */ = {isa = PBXFileReference; fileEncoding = 4; lastKnownFileType = sourcecode.c.h; name = MCNewsImageBlock.h; path = ../NewsDetail/View/MCNewsImageBlock.h; sourceTree = "<group>"; };
		C649C83F1A8982B80087C340 /* MCNewsImageBlock.m */ = {isa = PBXFileReference; fileEncoding = 4; lastKnownFileType = sourcecode.c.objc; path = MCNewsImageBlock.m; sourceTree = "<group>"; };
		C649C8401A8982B80087C340 /* MCNewsTextBlock.h */ = {isa = PBXFileReference; fileEncoding = 4; lastKnownFileType = sourcecode.c.h; path = MCNewsTextBlock.h; sourceTree = "<group>"; };
		C649C8411A8982B80087C340 /* MCNewsTextBlock.m */ = {isa = PBXFileReference; fileEncoding = 4; lastKnownFileType = sourcecode.c.objc; path = MCNewsTextBlock.m; sourceTree = "<group>"; };
		C649C8431A8982B80087C340 /* MCNewsListViewController.h */ = {isa = PBXFileReference; fileEncoding = 4; lastKnownFileType = sourcecode.c.h; path = MCNewsListViewController.h; sourceTree = "<group>"; };
		C649C8441A8982B80087C340 /* MCNewsListViewController.m */ = {isa = PBXFileReference; fileEncoding = 4; lastKnownFileType = sourcecode.c.objc; path = MCNewsListViewController.m; sourceTree = "<group>"; };
		C649C8461A8982B80087C340 /* MCNewsListTableViewCell.h */ = {isa = PBXFileReference; fileEncoding = 4; lastKnownFileType = sourcecode.c.h; path = MCNewsListTableViewCell.h; sourceTree = "<group>"; };
		C649C8471A8982B80087C340 /* MCNewsListTableViewCell.m */ = {isa = PBXFileReference; fileEncoding = 4; lastKnownFileType = sourcecode.c.objc; path = MCNewsListTableViewCell.m; sourceTree = "<group>"; };
		C649C8481A8982B80087C340 /* MCNewsListTableViewCell.xib */ = {isa = PBXFileReference; fileEncoding = 4; lastKnownFileType = file.xib; path = MCNewsListTableViewCell.xib; sourceTree = "<group>"; };
		C649C8571A8982C70087C340 /* UIFont+DINFont.h */ = {isa = PBXFileReference; fileEncoding = 4; lastKnownFileType = sourcecode.c.h; path = "UIFont+DINFont.h"; sourceTree = "<group>"; };
		C649C8581A8982C70087C340 /* UIFont+DINFont.m */ = {isa = PBXFileReference; fileEncoding = 4; lastKnownFileType = sourcecode.c.objc; path = "UIFont+DINFont.m"; sourceTree = "<group>"; };
		C649C85A1A89848B0087C340 /* libc++.dylib */ = {isa = PBXFileReference; lastKnownFileType = "compiled.mach-o.dylib"; name = "libc++.dylib"; path = "usr/lib/libc++.dylib"; sourceTree = SDKROOT; };
		C649C85C1A8984930087C340 /* libz.dylib */ = {isa = PBXFileReference; lastKnownFileType = "compiled.mach-o.dylib"; name = libz.dylib; path = usr/lib/libz.dylib; sourceTree = SDKROOT; };
		C649C85E1A89849F0087C340 /* libsqlite3.0.dylib */ = {isa = PBXFileReference; lastKnownFileType = "compiled.mach-o.dylib"; name = libsqlite3.0.dylib; path = usr/lib/libsqlite3.0.dylib; sourceTree = SDKROOT; };
		C649C8601A8984AA0087C340 /* SystemConfiguration.framework */ = {isa = PBXFileReference; lastKnownFileType = wrapper.framework; name = SystemConfiguration.framework; path = System/Library/Frameworks/SystemConfiguration.framework; sourceTree = SDKROOT; };
		C649C8651A90510F0087C340 /* MBProgressHUD.h */ = {isa = PBXFileReference; fileEncoding = 4; lastKnownFileType = sourcecode.c.h; path = MBProgressHUD.h; sourceTree = "<group>"; };
		C649C8661A90510F0087C340 /* MBProgressHUD.m */ = {isa = PBXFileReference; fileEncoding = 4; lastKnownFileType = sourcecode.c.objc; path = MBProgressHUD.m; sourceTree = "<group>"; };
		CA09A42B1AC08C7F006E9C73 /* MCRecommendationService.h */ = {isa = PBXFileReference; fileEncoding = 4; lastKnownFileType = sourcecode.c.h; path = MCRecommendationService.h; sourceTree = "<group>"; };
		CA09A42C1AC08C7F006E9C73 /* MCRecommendationService.m */ = {isa = PBXFileReference; fileEncoding = 4; lastKnownFileType = sourcecode.c.objc; path = MCRecommendationService.m; sourceTree = "<group>"; };
		CA90EF291A85B7ED005931CF /* MCParsedRSSItem.m */ = {isa = PBXFileReference; fileEncoding = 4; lastKnownFileType = sourcecode.c.objc; name = MCParsedRSSItem.m; path = DataModel/MCParsedRSSItem.m; sourceTree = "<group>"; };
		CA90EF2B1A85B873005931CF /* MCRSSParser.h */ = {isa = PBXFileReference; lastKnownFileType = sourcecode.c.h; name = MCRSSParser.h; path = Network/MCRSSParser.h; sourceTree = "<group>"; };
		CA90EF2C1A85B892005931CF /* MCRSSParser.m */ = {isa = PBXFileReference; fileEncoding = 4; lastKnownFileType = sourcecode.c.objc; name = MCRSSParser.m; path = Network/MCRSSParser.m; sourceTree = "<group>"; };
		CA90EF2E1A85B8E1005931CF /* MCRSSService.h */ = {isa = PBXFileReference; lastKnownFileType = sourcecode.c.h; name = MCRSSService.h; path = Network/MCRSSService.h; sourceTree = "<group>"; };
		CA90EF2F1A85B8F4005931CF /* MCRSSService.m */ = {isa = PBXFileReference; fileEncoding = 4; lastKnownFileType = sourcecode.c.objc; name = MCRSSService.m; path = Network/MCRSSService.m; sourceTree = "<group>"; };
		CA90EF311A86B7FA005931CF /* MCParsedRSSItem.h */ = {isa = PBXFileReference; fileEncoding = 4; lastKnownFileType = sourcecode.c.h; name = MCParsedRSSItem.h; path = DataModel/MCParsedRSSItem.h; sourceTree = "<group>"; };
		CAA074881AB9199600FE2F3B /* MCSourceService.m */ = {isa = PBXFileReference; fileEncoding = 4; lastKnownFileType = sourcecode.c.objc; name = MCSourceService.m; path = Network/MCSourceService.m; sourceTree = "<group>"; };
		CAA0748D1AB91A3200FE2F3B /* MCSource.m */ = {isa = PBXFileReference; fileEncoding = 4; lastKnownFileType = sourcecode.c.objc; name = MCSource.m; path = DataModel/MCSource.m; sourceTree = "<group>"; };
		CAA074911AB91B2300FE2F3B /* MCSource.h */ = {isa = PBXFileReference; lastKnownFileType = sourcecode.c.h; name = MCSource.h; path = DataModel/MCSource.h; sourceTree = "<group>"; };
		CAA074921AB91B6800FE2F3B /* MCSourceService.h */ = {isa = PBXFileReference; lastKnownFileType = sourcecode.c.h; name = MCSourceService.h; path = Network/MCSourceService.h; sourceTree = "<group>"; };
		CAEB8DCE1AC0298A006F5AD1 /* Motcha.xcdatamodel */ = {isa = PBXFileReference; lastKnownFileType = wrapper.xcdatamodel; path = Motcha.xcdatamodel; sourceTree = "<group>"; };
		E06B2ED01ABF5087001D714D /* MCDictionaryService.m */ = {isa = PBXFileReference; fileEncoding = 4; lastKnownFileType = sourcecode.c.objc; name = MCDictionaryService.m; path = Network/MCDictionaryService.m; sourceTree = "<group>"; };
		E06B2ED21ABF50B2001D714D /* MCDictionaryService.h */ = {isa = PBXFileReference; lastKnownFileType = sourcecode.c.h; name = MCDictionaryService.h; path = Network/MCDictionaryService.h; sourceTree = "<group>"; };
		E0B343B61A773F030081BE95 /* MCIntroCell.h */ = {isa = PBXFileReference; fileEncoding = 4; lastKnownFileType = sourcecode.c.h; path = MCIntroCell.h; sourceTree = "<group>"; };
		E0B343B71A773F030081BE95 /* MCIntroCell.m */ = {isa = PBXFileReference; fileEncoding = 4; lastKnownFileType = sourcecode.c.objc; path = MCIntroCell.m; sourceTree = "<group>"; };
		E0B343B81A773F030081BE95 /* MCIntroCell.xib */ = {isa = PBXFileReference; fileEncoding = 4; lastKnownFileType = file.xib; path = MCIntroCell.xib; sourceTree = "<group>"; };
		E0B343B91A773F030081BE95 /* MCIntroCollectionViewLayout.h */ = {isa = PBXFileReference; fileEncoding = 4; lastKnownFileType = sourcecode.c.h; path = MCIntroCollectionViewLayout.h; sourceTree = "<group>"; };
		E0B343BA1A773F030081BE95 /* MCIntroCollectionViewLayout.m */ = {isa = PBXFileReference; fileEncoding = 4; lastKnownFileType = sourcecode.c.objc; path = MCIntroCollectionViewLayout.m; sourceTree = "<group>"; };
		E0B343BB1A773F030081BE95 /* MCIntroFooter.h */ = {isa = PBXFileReference; fileEncoding = 4; lastKnownFileType = sourcecode.c.h; path = MCIntroFooter.h; sourceTree = "<group>"; };
		E0B343BC1A773F030081BE95 /* MCIntroFooter.m */ = {isa = PBXFileReference; fileEncoding = 4; lastKnownFileType = sourcecode.c.objc; path = MCIntroFooter.m; sourceTree = "<group>"; };
		E0B343BD1A773F030081BE95 /* MCIntroFooter.xib */ = {isa = PBXFileReference; fileEncoding = 4; lastKnownFileType = file.xib; path = MCIntroFooter.xib; sourceTree = "<group>"; };
		E0B343BE1A773F030081BE95 /* MCIntroHeader.h */ = {isa = PBXFileReference; fileEncoding = 4; lastKnownFileType = sourcecode.c.h; path = MCIntroHeader.h; sourceTree = "<group>"; };
		E0B343BF1A773F030081BE95 /* MCIntroHeader.m */ = {isa = PBXFileReference; fileEncoding = 4; lastKnownFileType = sourcecode.c.objc; path = MCIntroHeader.m; sourceTree = "<group>"; };
		E0B343C01A773F030081BE95 /* MCIntroHeader.xib */ = {isa = PBXFileReference; fileEncoding = 4; lastKnownFileType = file.xib; path = MCIntroHeader.xib; sourceTree = "<group>"; };
		E0B343C11A773F030081BE95 /* MCIntroViewController.h */ = {isa = PBXFileReference; fileEncoding = 4; lastKnownFileType = sourcecode.c.h; path = MCIntroViewController.h; sourceTree = "<group>"; };
		E0B343C21A773F030081BE95 /* MCIntroViewController.m */ = {isa = PBXFileReference; fileEncoding = 4; lastKnownFileType = sourcecode.c.objc; path = MCIntroViewController.m; sourceTree = "<group>"; };
		E0EFFBEA1ABF5264002318AA /* dictionary.json */ = {isa = PBXFileReference; fileEncoding = 4; lastKnownFileType = text.json; path = dictionary.json; sourceTree = "<group>"; };
		E0EFFBEE1ABF569D002318AA /* DictionaryEntity.h */ = {isa = PBXFileReference; fileEncoding = 4; lastKnownFileType = sourcecode.c.h; path = DictionaryEntity.h; sourceTree = "<group>"; };
		E0EFFBEF1ABF569D002318AA /* DictionaryEntity.m */ = {isa = PBXFileReference; fileEncoding = 4; lastKnownFileType = sourcecode.c.objc; path = DictionaryEntity.m; sourceTree = "<group>"; };
		E0EFFBF11ABF5D66002318AA /* MCDictionaryWord.h */ = {isa = PBXFileReference; fileEncoding = 4; lastKnownFileType = sourcecode.c.h; name = MCDictionaryWord.h; path = DataModel/MCDictionaryWord.h; sourceTree = "<group>"; };
		E0EFFBF21ABF5D66002318AA /* MCDictionaryWord.m */ = {isa = PBXFileReference; fileEncoding = 4; lastKnownFileType = sourcecode.c.objc; name = MCDictionaryWord.m; path = DataModel/MCDictionaryWord.m; sourceTree = "<group>"; };
		E0EFFBF61ABF91A6002318AA /* store.sqlite */ = {isa = PBXFileReference; lastKnownFileType = file; path = store.sqlite; sourceTree = "<group>"; };
/* End PBXFileReference section */

/* Begin PBXFrameworksBuildPhase section */
		15E3DB281A6B04BA002F4F4C /* Frameworks */ = {
			isa = PBXFrameworksBuildPhase;
			buildActionMask = 2147483647;
			files = (
				47E616DC1AB7D34800FC25FA /* CoreData.framework in Frameworks */,
				47E9133E1A8466770055AB69 /* libxml2.dylib in Frameworks */,
				47E9132F1A845FFB0055AB69 /* libxml2.2.dylib in Frameworks */,
			);
			runOnlyForDeploymentPostprocessing = 0;
		};
		15E3DB441A6B04BA002F4F4C /* Frameworks */ = {
			isa = PBXFrameworksBuildPhase;
			buildActionMask = 2147483647;
			files = (
			);
			runOnlyForDeploymentPostprocessing = 0;
		};
/* End PBXFrameworksBuildPhase section */

/* Begin PBXGroup section */
		1539C2741A9A754A00C32877 /* PageContainer */ = {
			isa = PBXGroup;
			children = (
				1539C2751A9A754A00C32877 /* MCPageView.h */,
				1539C2761A9A754A00C32877 /* MCPageView.m */,
				1539C2771A9A754A00C32877 /* MCPageViewController.h */,
				1539C2781A9A754A00C32877 /* MCPageViewController.m */,
			);
			path = PageContainer;
			sourceTree = "<group>";
		};
		1539C27B1A9A75C300C32877 /* AuxiliaryViews */ = {
			isa = PBXGroup;
			children = (
				1539C27C1A9A75C300C32877 /* MCNewsCategorySelectorView */,
			);
			path = AuxiliaryViews;
			sourceTree = "<group>";
		};
		1539C27C1A9A75C300C32877 /* MCNewsCategorySelectorView */ = {
			isa = PBXGroup;
			children = (
				1539C27D1A9A75C300C32877 /* MCCategoryButton.h */,
				1539C27E1A9A75C300C32877 /* MCCategoryButton.m */,
				1539C27F1A9A75C300C32877 /* MCNewsCategoryIndicatorView.h */,
				1539C2801A9A75C300C32877 /* MCNewsCategoryIndicatorView.m */,
				15461A611AAF75CA0008025A /* MCNewsCategorySelectorView.h */,
				15461A621AAF75CA0008025A /* MCNewsCategorySelectorView.m */,
				1539C2811A9A75C300C32877 /* MCNewsCategorySelectorScrollView.h */,
				1539C2821A9A75C300C32877 /* MCNewsCategorySelectorScrollView.m */,
				15461A5C1AAEAFA90008025A /* MCNewsCategoryAddView.h */,
				15461A5D1AAEAFA90008025A /* MCNewsCategoryAddView.m */,
				15461A5F1AAEAFF60008025A /* MCNewsCategoryAddView.xib */,
			);
			path = MCNewsCategorySelectorView;
			sourceTree = "<group>";
		};
		153F55731AAA5A2500487C2F /* NewsLists */ = {
			isa = PBXGroup;
			children = (
				153F55741AAA5A2500487C2F /* MCNewsListsContainerController.h */,
				153F55751AAA5A2500487C2F /* MCNewsListsContainerController.m */,
			);
			path = NewsLists;
			sourceTree = "<group>";
		};
		15461A641AAFA2260008025A /* Common */ = {
			isa = PBXGroup;
			children = (
				15461A681AAFA25F0008025A /* MCTextView.h */,
				15461A691AAFA25F0008025A /* MCTextView.m */,
				1561B4591ABA3D8C00AB6D5B /* MCLabel.h */,
				1561B45A1ABA3D8C00AB6D5B /* MCLabel.m */,
			);
			path = Common;
			sourceTree = "<group>";
		};
		1561B4BA1ABD02B800AB6D5B /* AFNetworking */ = {
			isa = PBXGroup;
			children = (
				1561B4BB1ABD02B800AB6D5B /* AFHTTPRequestOperation.h */,
				1561B4BC1ABD02B800AB6D5B /* AFHTTPRequestOperation.m */,
				1561B4BD1ABD02B800AB6D5B /* AFHTTPRequestOperationManager.h */,
				1561B4BE1ABD02B800AB6D5B /* AFHTTPRequestOperationManager.m */,
				1561B4BF1ABD02B800AB6D5B /* AFHTTPSessionManager.h */,
				1561B4C01ABD02B800AB6D5B /* AFHTTPSessionManager.m */,
				1561B4C11ABD02B800AB6D5B /* AFNetworking.h */,
				1561B4C21ABD02B800AB6D5B /* AFNetworkReachabilityManager.h */,
				1561B4C31ABD02B800AB6D5B /* AFNetworkReachabilityManager.m */,
				1561B4C41ABD02B800AB6D5B /* AFSecurityPolicy.h */,
				1561B4C51ABD02B800AB6D5B /* AFSecurityPolicy.m */,
				1561B4C61ABD02B800AB6D5B /* AFURLConnectionOperation.h */,
				1561B4C71ABD02B800AB6D5B /* AFURLConnectionOperation.m */,
				1561B4C81ABD02B800AB6D5B /* AFURLRequestSerialization.h */,
				1561B4C91ABD02B800AB6D5B /* AFURLRequestSerialization.m */,
				1561B4CA1ABD02B800AB6D5B /* AFURLResponseSerialization.h */,
				1561B4CB1ABD02B800AB6D5B /* AFURLResponseSerialization.m */,
				1561B4CC1ABD02B800AB6D5B /* AFURLSessionManager.h */,
				1561B4CD1ABD02B800AB6D5B /* AFURLSessionManager.m */,
			);
			path = AFNetworking;
			sourceTree = "<group>";
		};
		1561B4CE1ABD02B800AB6D5B /* UIKit+AFNetworking */ = {
			isa = PBXGroup;
			children = (
				1561B4CF1ABD02B800AB6D5B /* AFNetworkActivityIndicatorManager.h */,
				1561B4D01ABD02B800AB6D5B /* AFNetworkActivityIndicatorManager.m */,
				1561B4D11ABD02B800AB6D5B /* UIActivityIndicatorView+AFNetworking.h */,
				1561B4D21ABD02B800AB6D5B /* UIActivityIndicatorView+AFNetworking.m */,
				1561B4D31ABD02B800AB6D5B /* UIAlertView+AFNetworking.h */,
				1561B4D41ABD02B800AB6D5B /* UIAlertView+AFNetworking.m */,
				1561B4D51ABD02B800AB6D5B /* UIButton+AFNetworking.h */,
				1561B4D61ABD02B800AB6D5B /* UIButton+AFNetworking.m */,
				1561B4D71ABD02B800AB6D5B /* UIImageView+AFNetworking.h */,
				1561B4D81ABD02B800AB6D5B /* UIImageView+AFNetworking.m */,
				1561B4D91ABD02B800AB6D5B /* UIKit+AFNetworking.h */,
				1561B4DA1ABD02B800AB6D5B /* UIProgressView+AFNetworking.h */,
				1561B4DB1ABD02B800AB6D5B /* UIProgressView+AFNetworking.m */,
				1561B4DC1ABD02B800AB6D5B /* UIRefreshControl+AFNetworking.h */,
				1561B4DD1ABD02B800AB6D5B /* UIRefreshControl+AFNetworking.m */,
				1561B4DE1ABD02B800AB6D5B /* UIWebView+AFNetworking.h */,
				1561B4DF1ABD02B800AB6D5B /* UIWebView+AFNetworking.m */,
			);
			path = "UIKit+AFNetworking";
			sourceTree = "<group>";
		};
		157314871AC0A7E600E65C02 /* BMYCircularProgressPullToRefresh */ = {
			isa = PBXGroup;
			children = (
				157314881AC0A7E600E65C02 /* BMYCircularProgressPullToRefresh.h */,
				157314891AC0A7E600E65C02 /* BMYCircularProgressView */,
				1573148C1AC0A7E600E65C02 /* BMYProgressViewProtocol.h */,
				1573148D1AC0A7E600E65C02 /* BMYPullToRefreshView */,
			);
			path = BMYCircularProgressPullToRefresh;
			sourceTree = "<group>";
		};
		157314891AC0A7E600E65C02 /* BMYCircularProgressView */ = {
			isa = PBXGroup;
			children = (
				1573148A1AC0A7E600E65C02 /* BMYCircularProgressView.h */,
				1573148B1AC0A7E600E65C02 /* BMYCircularProgressView.m */,
			);
			path = BMYCircularProgressView;
			sourceTree = "<group>";
		};
		1573148D1AC0A7E600E65C02 /* BMYPullToRefreshView */ = {
			isa = PBXGroup;
			children = (
				1573148E1AC0A7E600E65C02 /* BMYPullToRefreshView.h */,
				1573148F1AC0A7E600E65C02 /* BMYPullToRefreshView.m */,
				157314901AC0A7E600E65C02 /* UIScrollView+BMYPullToRefresh.h */,
				157314911AC0A7E600E65C02 /* UIScrollView+BMYPullToRefresh.m */,
			);
			path = BMYPullToRefreshView;
			sourceTree = "<group>";
		};
		15DB977A1A8911190066B469 /* DataStructure */ = {
			isa = PBXGroup;
			children = (
				15DB977B1A8911190066B469 /* MCKeyValuePair.h */,
				15DB977C1A8911190066B469 /* MCKeyValuePair.m */,
			);
			path = DataStructure;
			sourceTree = "<group>";
		};
		15DB977E1A89112F0066B469 /* Navigation */ = {
			isa = PBXGroup;
			children = (
				C649C83E1A8982B80087C340 /* MCNewsImageBlock.h */,
				15DB977F1A89112F0066B469 /* MCNavigationBar.h */,
				15DB97801A89112F0066B469 /* MCNavigationBar.m */,
				15DB97811A89112F0066B469 /* MCNavigationBarCustomizationDelegate.h */,
				15DB97821A89112F0066B469 /* MCNavigationController.h */,
				15DB97831A89112F0066B469 /* MCNavigationController.m */,
				15DB97841A89112F0066B469 /* NavigationBarAppearanceStrategies */,
			);
			path = Navigation;
			sourceTree = "<group>";
		};
		15DB97841A89112F0066B469 /* NavigationBarAppearanceStrategies */ = {
			isa = PBXGroup;
			children = (
				15DB97851A89112F0066B469 /* MCNavigationBarAppearanceAuxiliaryView.h */,
				15DB97861A89112F0066B469 /* MCNavigationBarAppearanceAuxiliaryView.m */,
				15DB97871A89112F0066B469 /* MCNavigationBarAppearanceBackgroundAlpha.h */,
				15DB97881A89112F0066B469 /* MCNavigationBarAppearanceBackgroundAlpha.m */,
				15DB97891A89112F0066B469 /* MCNavigationBarAppearanceStrategy.h */,
				15DB978A1A89112F0066B469 /* MCNavigationBarAppearanceStrategy.m */,
				15DB978B1A89112F0066B469 /* MCNavigationBarAppearanceStrategyProtocol.h */,
			);
			path = NavigationBarAppearanceStrategies;
			sourceTree = "<group>";
		};
		15E3DB221A6B04BA002F4F4C = {
			isa = PBXGroup;
			children = (
				15E3DB2D1A6B04BA002F4F4C /* motcha */,
				15E3DB4A1A6B04BA002F4F4C /* motchaTests */,
				15E3DB2C1A6B04BA002F4F4C /* Products */,
				6FE61608933FECC746C075BF /* Pods */,
				ABF2B1EC44AFC19FAD99A02F /* Frameworks */,
			);
			sourceTree = "<group>";
		};
		15E3DB2C1A6B04BA002F4F4C /* Products */ = {
			isa = PBXGroup;
			children = (
				15E3DB2B1A6B04BA002F4F4C /* motcha.app */,
				15E3DB471A6B04BA002F4F4C /* motchaTests.xctest */,
			);
			name = Products;
			sourceTree = "<group>";
		};
		15E3DB2D1A6B04BA002F4F4C /* motcha */ = {
			isa = PBXGroup;
			children = (
				CA09A42A1AC08C7F006E9C73 /* RecommendationALG */,
				47E616CE1AB7D34000FC25FA /* Storage */,
				15E3DB3E1A6B04BA002F4F4C /* Images.xcassets */,
				C649C8561A8982C70087C340 /* Category */,
				C649C7EF1A8980F10087C340 /* ThirdParty */,
				15DB977A1A8911190066B469 /* DataStructure */,
				47E912EE1A8459C20055AB69 /* DataModel */,
				47E912E71A84592E0055AB69 /* Network */,
				E0B343B41A773F030081BE95 /* UI */,
				15E3DB321A6B04BA002F4F4C /* MCAppDelegate.h */,
				15E3DB331A6B04BA002F4F4C /* MCAppDelegate.m */,
				C649C7DE1A894F5B0087C340 /* Fonts */,
				15E3DB401A6B04BA002F4F4C /* LaunchScreen.xib */,
				15E3DB2E1A6B04BA002F4F4C /* Supporting Files */,
				CAEB8DCD1AC0298A006F5AD1 /* Motcha.xcdatamodeld */,
			);
			path = motcha;
			sourceTree = "<group>";
		};
		15E3DB2E1A6B04BA002F4F4C /* Supporting Files */ = {
			isa = PBXGroup;
			children = (
				E0EFFBF61ABF91A6002318AA /* store.sqlite */,
				E0EFFBEA1ABF5264002318AA /* dictionary.json */,
				15E3DB2F1A6B04BA002F4F4C /* Info.plist */,
				15E3DB301A6B04BA002F4F4C /* main.m */,
			);
			name = "Supporting Files";
			sourceTree = "<group>";
		};
		15E3DB4A1A6B04BA002F4F4C /* motchaTests */ = {
			isa = PBXGroup;
			children = (
				15E3DB4D1A6B04BA002F4F4C /* motchaTests.m */,
				15E3DB4B1A6B04BA002F4F4C /* Supporting Files */,
			);
			path = motchaTests;
			sourceTree = "<group>";
		};
		15E3DB4B1A6B04BA002F4F4C /* Supporting Files */ = {
			isa = PBXGroup;
			children = (
				15E3DB4C1A6B04BA002F4F4C /* Info.plist */,
			);
			name = "Supporting Files";
			sourceTree = "<group>";
		};
		47E616CE1AB7D34000FC25FA /* Storage */ = {
			isa = PBXGroup;
			children = (
				47E616CF1AB7D34000FC25FA /* CategoryEntity.h */,
				47E616D01AB7D34000FC25FA /* CategoryEntity.m */,
				47E616D11AB7D34000FC25FA /* MCDatabaseManager.h */,
				47E616D21AB7D34000FC25FA /* MCDatabaseManager.m */,
				47E616D31AB7D34000FC25FA /* MCLocalStorageService.h */,
				47E616D41AB7D34000FC25FA /* MCLocalStorageService.m */,
				47E616D51AB7D34000FC25FA /* NSEntityDescription+Helpers.h */,
				47E616D61AB7D34000FC25FA /* NSEntityDescription+Helpers.m */,
				E0EFFBEE1ABF569D002318AA /* DictionaryEntity.h */,
				E0EFFBEF1ABF569D002318AA /* DictionaryEntity.m */,
			);
			path = Storage;
			sourceTree = "<group>";
		};
		47E912E71A84592E0055AB69 /* Network */ = {
			isa = PBXGroup;
			children = (
				47E912E81A84596D0055AB69 /* MCWebContentService.h */,
				47E912E91A84596D0055AB69 /* MCWebContentService.m */,
				47E913301A84605D0055AB69 /* MCWebContentParser.h */,
				47E913311A84605D0055AB69 /* MCWebContentParser.m */,
				CA90EF2B1A85B873005931CF /* MCRSSParser.h */,
				CA90EF2C1A85B892005931CF /* MCRSSParser.m */,
				CA90EF2E1A85B8E1005931CF /* MCRSSService.h */,
				CA90EF2F1A85B8F4005931CF /* MCRSSService.m */,
				CAA074881AB9199600FE2F3B /* MCSourceService.m */,
				CAA074921AB91B6800FE2F3B /* MCSourceService.h */,
				E06B2ED01ABF5087001D714D /* MCDictionaryService.m */,
				E06B2ED21ABF50B2001D714D /* MCDictionaryService.h */,
			);
			name = Network;
			sourceTree = "<group>";
		};
		47E912EE1A8459C20055AB69 /* DataModel */ = {
			isa = PBXGroup;
			children = (
				CA90EF311A86B7FA005931CF /* MCParsedRSSItem.h */,
				CA90EF291A85B7ED005931CF /* MCParsedRSSItem.m */,
				47E912EB1A8459BD0055AB69 /* MCNewsDetailsObject.h */,
				47E912EC1A8459BD0055AB69 /* MCNewsDetailsObject.m */,
				47E9134B1A8487710055AB69 /* MCParsedHTMLNode.h */,
				47E9134C1A8487710055AB69 /* MCParsedHTMLNode.m */,
				CAA0748D1AB91A3200FE2F3B /* MCSource.m */,
				CAA074911AB91B2300FE2F3B /* MCSource.h */,
				E0EFFBF11ABF5D66002318AA /* MCDictionaryWord.h */,
				E0EFFBF21ABF5D66002318AA /* MCDictionaryWord.m */,
			);
			name = DataModel;
			sourceTree = "<group>";
		};
		6FE61608933FECC746C075BF /* Pods */ = {
			isa = PBXGroup;
			children = (
				553B1E2B6F644288AA253CF3 /* Pods-motcha.debug.xcconfig */,
				283682A71FB25678856A2E93 /* Pods-motcha.release.xcconfig */,
			);
			name = Pods;
			sourceTree = "<group>";
		};
		ABF2B1EC44AFC19FAD99A02F /* Frameworks */ = {
			isa = PBXGroup;
			children = (
				47E616DB1AB7D34800FC25FA /* CoreData.framework */,
				C649C8601A8984AA0087C340 /* SystemConfiguration.framework */,
				C649C85E1A89849F0087C340 /* libsqlite3.0.dylib */,
				C649C85C1A8984930087C340 /* libz.dylib */,
				C649C85A1A89848B0087C340 /* libc++.dylib */,
				47E9133D1A8466770055AB69 /* libxml2.dylib */,
				47E9132E1A845FFB0055AB69 /* libxml2.2.dylib */,
			);
			name = Frameworks;
			sourceTree = "<group>";
		};
		C649C7DE1A894F5B0087C340 /* Fonts */ = {
			isa = PBXGroup;
			children = (
				C649C7DF1A894F5B0087C340 /* DINPro-Bold.otf */,
				C649C7E01A894F5B0087C340 /* DINPro-Regular.otf */,
				C649C7E11A894F5B0087C340 /* FarnhamDisplay-Bold.otf */,
			);
			path = Fonts;
			sourceTree = "<group>";
		};
		C649C7EF1A8980F10087C340 /* ThirdParty */ = {
			isa = PBXGroup;
			children = (
				C649C8641A90510F0087C340 /* MBProgressHUD */,
				C649C7F01A8980F10087C340 /* HTMLParser */,
				C649C7F51A8980F10087C340 /* JTSImageViewController */,
				1561B4BA1ABD02B800AB6D5B /* AFNetworking */,
				1561B4CE1ABD02B800AB6D5B /* UIKit+AFNetworking */,
				157314871AC0A7E600E65C02 /* BMYCircularProgressPullToRefresh */,
			);
			path = ThirdParty;
			sourceTree = "<group>";
		};
		C649C7F01A8980F10087C340 /* HTMLParser */ = {
			isa = PBXGroup;
			children = (
				C649C7F11A8980F10087C340 /* HTMLNode.h */,
				C649C7F21A8980F10087C340 /* HTMLNode.m */,
				C649C7F31A8980F10087C340 /* HTMLParser.h */,
				C649C7F41A8980F10087C340 /* HTMLParser.m */,
			);
			path = HTMLParser;
			sourceTree = "<group>";
		};
		C649C7F51A8980F10087C340 /* JTSImageViewController */ = {
			isa = PBXGroup;
			children = (
				C649C7F61A8980F10087C340 /* JTSAnimatedGIFUtility.h */,
				C649C7F71A8980F10087C340 /* JTSAnimatedGIFUtility.m */,
				C649C7F81A8980F10087C340 /* JTSImageInfo.h */,
				C649C7F91A8980F10087C340 /* JTSImageInfo.m */,
				C649C7FA1A8980F10087C340 /* JTSImageViewController.h */,
				C649C7FB1A8980F10087C340 /* JTSImageViewController.m */,
				C649C7FC1A8980F10087C340 /* JTSSimpleImageDownloader.h */,
				C649C7FD1A8980F10087C340 /* JTSSimpleImageDownloader.m */,
				C649C7FE1A8980F10087C340 /* UIApplication+JTSImageViewController.h */,
				C649C7FF1A8980F10087C340 /* UIApplication+JTSImageViewController.m */,
				C649C8001A8980F10087C340 /* UIImage+JTSImageEffects.h */,
				C649C8011A8980F10087C340 /* UIImage+JTSImageEffects.m */,
			);
			path = JTSImageViewController;
			sourceTree = "<group>";
		};
		C649C8311A8982B80087C340 /* NewsDetail */ = {
			isa = PBXGroup;
			children = (
				C649C8321A8982B80087C340 /* MCNewsDetailViewController.h */,
				C649C8331A8982B80087C340 /* MCNewsDetailViewController.m */,
				C649C8341A8982B80087C340 /* View */,
			);
			path = NewsDetail;
			sourceTree = "<group>";
		};
		C649C8341A8982B80087C340 /* View */ = {
			isa = PBXGroup;
			children = (
				C649C83B1A8982B80087C340 /* MCNewsDetailScrollView.h */,
				C649C83C1A8982B80087C340 /* MCNewsDetailScrollView.m */,
				C649C8391A8982B80087C340 /* MCDetailNewsTitleView.h */,
				C649C83A1A8982B80087C340 /* MCDetailNewsTitleView.m */,
				C649C8371A8982B80087C340 /* MCDetailNewsMetaDataView.h */,
				C649C8381A8982B80087C340 /* MCDetailNewsMetaDataView.m */,
				C649C8351A8982B80087C340 /* MCDetailNewsBodyView.h */,
				C649C8361A8982B80087C340 /* MCDetailNewsBodyView.m */,
				C649C83F1A8982B80087C340 /* MCNewsImageBlock.m */,
				C649C8401A8982B80087C340 /* MCNewsTextBlock.h */,
				C649C8411A8982B80087C340 /* MCNewsTextBlock.m */,
				C649C83D1A8982B80087C340 /* MCNewsDetailScrollViewDelegate.h */,
			);
			path = View;
			sourceTree = "<group>";
		};
		C649C8421A8982B80087C340 /* NewsList */ = {
			isa = PBXGroup;
			children = (
				C649C8431A8982B80087C340 /* MCNewsListViewController.h */,
				C649C8441A8982B80087C340 /* MCNewsListViewController.m */,
				C649C8451A8982B80087C340 /* Views */,
			);
			path = NewsList;
			sourceTree = "<group>";
		};
		C649C8451A8982B80087C340 /* Views */ = {
			isa = PBXGroup;
			children = (
				C649C8461A8982B80087C340 /* MCNewsListTableViewCell.h */,
				C649C8471A8982B80087C340 /* MCNewsListTableViewCell.m */,
				C649C8481A8982B80087C340 /* MCNewsListTableViewCell.xib */,
				157314951AC0FEDB00E65C02 /* MCNewsListFooterView.h */,
				157314961AC0FEDB00E65C02 /* MCNewsListFooterView.m */,
				157314981AC0FF0D00E65C02 /* MCNewsListFooterView.xib */,
			);
			path = Views;
			sourceTree = "<group>";
		};
		C649C8561A8982C70087C340 /* Category */ = {
			isa = PBXGroup;
			children = (
				153F55321AA12D0300487C2F /* UIColor+Helpers.h */,
				153F55331AA12D0300487C2F /* UIColor+Helpers.m */,
				1539C23A1A9028D000C32877 /* UIImage+Scale.h */,
				1539C23B1A9028D000C32877 /* UIImage+Scale.m */,
				C649C8571A8982C70087C340 /* UIFont+DINFont.h */,
				C649C8581A8982C70087C340 /* UIFont+DINFont.m */,
				1539C2711A9838F300C32877 /* NSMutableArray+Manipulation.h */,
				1539C2721A9838F300C32877 /* NSMutableArray+Manipulation.m */,
				15A25E1C1AB15EF400761782 /* UIViewController+Swizzling.h */,
				15A25E1D1AB15EF400761782 /* UIViewController+Swizzling.m */,
				1561B45C1ABB486800AB6D5B /* NSString+Helpers.h */,
				1561B45D1ABB486800AB6D5B /* NSString+Helpers.m */,
				1561B45F1ABB874700AB6D5B /* NSDate+TimeAgo.h */,
				1561B4601ABB874700AB6D5B /* NSDate+TimeAgo.m */,
			);
			path = Category;
			sourceTree = "<group>";
		};
		C649C8641A90510F0087C340 /* MBProgressHUD */ = {
			isa = PBXGroup;
			children = (
				C649C8651A90510F0087C340 /* MBProgressHUD.h */,
				C649C8661A90510F0087C340 /* MBProgressHUD.m */,
			);
			path = MBProgressHUD;
			sourceTree = "<group>";
		};
		CA09A42A1AC08C7F006E9C73 /* RecommendationALG */ = {
			isa = PBXGroup;
			children = (
				CA09A42B1AC08C7F006E9C73 /* MCRecommendationService.h */,
				CA09A42C1AC08C7F006E9C73 /* MCRecommendationService.m */,
			);
			path = RecommendationALG;
			sourceTree = "<group>";
		};
		E0B343B41A773F030081BE95 /* UI */ = {
			isa = PBXGroup;
			children = (
				15461A641AAFA2260008025A /* Common */,
				153F55731AAA5A2500487C2F /* NewsLists */,
				1539C27B1A9A75C300C32877 /* AuxiliaryViews */,
				1539C2741A9A754A00C32877 /* PageContainer */,
				C649C8311A8982B80087C340 /* NewsDetail */,
				C649C8421A8982B80087C340 /* NewsList */,
				15DB977E1A89112F0066B469 /* Navigation */,
				E0B343B51A773F030081BE95 /* Intro */,
			);
			path = UI;
			sourceTree = "<group>";
		};
		E0B343B51A773F030081BE95 /* Intro */ = {
			isa = PBXGroup;
			children = (
				E0B343B61A773F030081BE95 /* MCIntroCell.h */,
				E0B343B71A773F030081BE95 /* MCIntroCell.m */,
				E0B343B81A773F030081BE95 /* MCIntroCell.xib */,
				E0B343B91A773F030081BE95 /* MCIntroCollectionViewLayout.h */,
				E0B343BA1A773F030081BE95 /* MCIntroCollectionViewLayout.m */,
				E0B343BB1A773F030081BE95 /* MCIntroFooter.h */,
				E0B343BC1A773F030081BE95 /* MCIntroFooter.m */,
				E0B343BD1A773F030081BE95 /* MCIntroFooter.xib */,
				E0B343BE1A773F030081BE95 /* MCIntroHeader.h */,
				E0B343BF1A773F030081BE95 /* MCIntroHeader.m */,
				E0B343C01A773F030081BE95 /* MCIntroHeader.xib */,
				E0B343C11A773F030081BE95 /* MCIntroViewController.h */,
				E0B343C21A773F030081BE95 /* MCIntroViewController.m */,
			);
			path = Intro;
			sourceTree = "<group>";
		};
/* End PBXGroup section */

/* Begin PBXNativeTarget section */
		15E3DB2A1A6B04BA002F4F4C /* motcha */ = {
			isa = PBXNativeTarget;
			buildConfigurationList = 15E3DB511A6B04BA002F4F4C /* Build configuration list for PBXNativeTarget "motcha" */;
			buildPhases = (
				15E3DB271A6B04BA002F4F4C /* Sources */,
				15E3DB281A6B04BA002F4F4C /* Frameworks */,
				15E3DB291A6B04BA002F4F4C /* Resources */,
				E0EFFBEC1ABF52E1002318AA /* CopyFiles */,
			);
			buildRules = (
			);
			dependencies = (
			);
			name = motcha;
			productName = motcha;
			productReference = 15E3DB2B1A6B04BA002F4F4C /* motcha.app */;
			productType = "com.apple.product-type.application";
		};
		15E3DB461A6B04BA002F4F4C /* motchaTests */ = {
			isa = PBXNativeTarget;
			buildConfigurationList = 15E3DB541A6B04BA002F4F4C /* Build configuration list for PBXNativeTarget "motchaTests" */;
			buildPhases = (
				15E3DB431A6B04BA002F4F4C /* Sources */,
				15E3DB441A6B04BA002F4F4C /* Frameworks */,
				15E3DB451A6B04BA002F4F4C /* Resources */,
			);
			buildRules = (
			);
			dependencies = (
				15E3DB491A6B04BA002F4F4C /* PBXTargetDependency */,
			);
			name = motchaTests;
			productName = motchaTests;
			productReference = 15E3DB471A6B04BA002F4F4C /* motchaTests.xctest */;
			productType = "com.apple.product-type.bundle.unit-test";
		};
/* End PBXNativeTarget section */

/* Begin PBXProject section */
		15E3DB231A6B04BA002F4F4C /* Project object */ = {
			isa = PBXProject;
			attributes = {
				LastUpgradeCheck = 0610;
				ORGANIZATIONNAME = "Frank Li";
				TargetAttributes = {
					15E3DB2A1A6B04BA002F4F4C = {
						CreatedOnToolsVersion = 6.1.1;
					};
					15E3DB461A6B04BA002F4F4C = {
						CreatedOnToolsVersion = 6.1.1;
						TestTargetID = 15E3DB2A1A6B04BA002F4F4C;
					};
				};
			};
			buildConfigurationList = 15E3DB261A6B04BA002F4F4C /* Build configuration list for PBXProject "motcha" */;
			compatibilityVersion = "Xcode 3.2";
			developmentRegion = English;
			hasScannedForEncodings = 0;
			knownRegions = (
				en,
				Base,
			);
			mainGroup = 15E3DB221A6B04BA002F4F4C;
			productRefGroup = 15E3DB2C1A6B04BA002F4F4C /* Products */;
			projectDirPath = "";
			projectRoot = "";
			targets = (
				15E3DB2A1A6B04BA002F4F4C /* motcha */,
				15E3DB461A6B04BA002F4F4C /* motchaTests */,
			);
		};
/* End PBXProject section */

/* Begin PBXResourcesBuildPhase section */
		15E3DB291A6B04BA002F4F4C /* Resources */ = {
			isa = PBXResourcesBuildPhase;
			buildActionMask = 2147483647;
			files = (
				C649C8541A8982B80087C340 /* MCNewsListTableViewCell.xib in Resources */,
				C649C7E31A894F5B0087C340 /* DINPro-Regular.otf in Resources */,
				E0B343C41A773F030081BE95 /* MCIntroCell.xib in Resources */,
				E0B343C71A773F030081BE95 /* MCIntroFooter.xib in Resources */,
				E0B343C91A773F030081BE95 /* MCIntroHeader.xib in Resources */,
				15E3DB421A6B04BA002F4F4C /* LaunchScreen.xib in Resources */,
				E0EFFBEB1ABF5264002318AA /* dictionary.json in Resources */,
				C649C7E21A894F5B0087C340 /* DINPro-Bold.otf in Resources */,
				15E3DB3F1A6B04BA002F4F4C /* Images.xcassets in Resources */,
				E0EFFBF71ABF91A6002318AA /* store.sqlite in Resources */,
				C649C7E41A894F5B0087C340 /* FarnhamDisplay-Bold.otf in Resources */,
				15461A601AAEAFF60008025A /* MCNewsCategoryAddView.xib in Resources */,
				157314991AC0FF0D00E65C02 /* MCNewsListFooterView.xib in Resources */,
			);
			runOnlyForDeploymentPostprocessing = 0;
		};
		15E3DB451A6B04BA002F4F4C /* Resources */ = {
			isa = PBXResourcesBuildPhase;
			buildActionMask = 2147483647;
			files = (
			);
			runOnlyForDeploymentPostprocessing = 0;
		};
/* End PBXResourcesBuildPhase section */

/* Begin PBXSourcesBuildPhase section */
		15E3DB271A6B04BA002F4F4C /* Sources */ = {
			isa = PBXSourcesBuildPhase;
			buildActionMask = 2147483647;
			files = (
				1561B4EE1ABD02B800AB6D5B /* UIProgressView+AFNetworking.m in Sources */,
				E0B343C31A773F030081BE95 /* MCIntroCell.m in Sources */,
				C649C81E1A8980F10087C340 /* UIApplication+JTSImageViewController.m in Sources */,
				E0B343CA1A773F030081BE95 /* MCIntroViewController.m in Sources */,
				C649C81D1A8980F10087C340 /* JTSSimpleImageDownloader.m in Sources */,
				1561B4E91ABD02B800AB6D5B /* AFNetworkActivityIndicatorManager.m in Sources */,
				C649C8191A8980F10087C340 /* HTMLParser.m in Sources */,
				1561B4EA1ABD02B800AB6D5B /* UIActivityIndicatorView+AFNetworking.m in Sources */,
				1561B4F01ABD02B800AB6D5B /* UIWebView+AFNetworking.m in Sources */,
				CA90EF301A85B8F4005931CF /* MCRSSService.m in Sources */,
				1561B4EB1ABD02B800AB6D5B /* UIAlertView+AFNetworking.m in Sources */,
				47E912EA1A84596D0055AB69 /* MCWebContentService.m in Sources */,
				15461A631AAF75CA0008025A /* MCNewsCategorySelectorView.m in Sources */,
				15461A5E1AAEAFA90008025A /* MCNewsCategoryAddView.m in Sources */,
				C649C81A1A8980F10087C340 /* JTSAnimatedGIFUtility.m in Sources */,
				15A25E1E1AB15EF400761782 /* UIViewController+Swizzling.m in Sources */,
				C649C8531A8982B80087C340 /* MCNewsListTableViewCell.m in Sources */,
				C649C81F1A8980F10087C340 /* UIImage+JTSImageEffects.m in Sources */,
				C649C81B1A8980F10087C340 /* JTSImageInfo.m in Sources */,
				C649C8591A8982C70087C340 /* UIFont+DINFont.m in Sources */,
				E06B2ED11ABF5087001D714D /* MCDictionaryService.m in Sources */,
				47E616D81AB7D34000FC25FA /* MCDatabaseManager.m in Sources */,
				1539C2791A9A754A00C32877 /* MCPageView.m in Sources */,
				CAA0748E1AB91A3200FE2F3B /* MCSource.m in Sources */,
				C649C81C1A8980F10087C340 /* JTSImageViewController.m in Sources */,
				1561B4EC1ABD02B800AB6D5B /* UIButton+AFNetworking.m in Sources */,
				1561B4E51ABD02B800AB6D5B /* AFURLConnectionOperation.m in Sources */,
				C649C84F1A8982B80087C340 /* MCNewsDetailScrollView.m in Sources */,
				1561B4E71ABD02B800AB6D5B /* AFURLResponseSerialization.m in Sources */,
				47E616D91AB7D34000FC25FA /* MCLocalStorageService.m in Sources */,
				1539C27A1A9A754A00C32877 /* MCPageViewController.m in Sources */,
				1561B4EF1ABD02B800AB6D5B /* UIRefreshControl+AFNetworking.m in Sources */,
				C649C84C1A8982B80087C340 /* MCDetailNewsBodyView.m in Sources */,
				CA09A42D1AC08C7F006E9C73 /* MCRecommendationService.m in Sources */,
				1561B4E21ABD02B800AB6D5B /* AFHTTPSessionManager.m in Sources */,
				153F55761AAA5A2500487C2F /* MCNewsListsContainerController.m in Sources */,
				C649C84B1A8982B80087C340 /* MCNewsDetailViewController.m in Sources */,
				E0B343C61A773F030081BE95 /* MCIntroFooter.m in Sources */,
				1561B4E31ABD02B800AB6D5B /* AFNetworkReachabilityManager.m in Sources */,
				47E616DA1AB7D34000FC25FA /* NSEntityDescription+Helpers.m in Sources */,
				47E616D71AB7D34000FC25FA /* CategoryEntity.m in Sources */,
				157314921AC0A7E600E65C02 /* BMYCircularProgressView.m in Sources */,
				1561B45B1ABA3D8C00AB6D5B /* MCLabel.m in Sources */,
				C649C8521A8982B80087C340 /* MCNewsListViewController.m in Sources */,
				157314971AC0FEDB00E65C02 /* MCNewsListFooterView.m in Sources */,
				1539C2731A9838F300C32877 /* NSMutableArray+Manipulation.m in Sources */,
				E0B343C51A773F030081BE95 /* MCIntroCollectionViewLayout.m in Sources */,
				1539C23E1A9028D000C32877 /* UIImage+Scale.m in Sources */,
				15461A6A1AAFA25F0008025A /* MCTextView.m in Sources */,
				C649C8511A8982B80087C340 /* MCNewsTextBlock.m in Sources */,
				1539C2861A9A75C300C32877 /* MCNewsCategorySelectorScrollView.m in Sources */,
				15E3DB341A6B04BA002F4F4C /* MCAppDelegate.m in Sources */,
				1561B45E1ABB486800AB6D5B /* NSString+Helpers.m in Sources */,
				C649C8501A8982B80087C340 /* MCNewsImageBlock.m in Sources */,
				CAA074891AB9199600FE2F3B /* MCSourceService.m in Sources */,
				1539C2851A9A75C300C32877 /* MCNewsCategoryIndicatorView.m in Sources */,
				1561B4E81ABD02B800AB6D5B /* AFURLSessionManager.m in Sources */,
				CA90EF2A1A85B7ED005931CF /* MCParsedRSSItem.m in Sources */,
				E0EFFBF01ABF569D002318AA /* DictionaryEntity.m in Sources */,
				15DB97901A89112F0066B469 /* MCNavigationBarAppearanceAuxiliaryView.m in Sources */,
				15DB978F1A89112F0066B469 /* MCNavigationController.m in Sources */,
				47E912ED1A8459BD0055AB69 /* MCNewsDetailsObject.m in Sources */,
				E0EFFBF31ABF5D66002318AA /* MCDictionaryWord.m in Sources */,
				153F55341AA12D0300487C2F /* UIColor+Helpers.m in Sources */,
				15DB977D1A8911190066B469 /* MCKeyValuePair.m in Sources */,
				15DB978E1A89112F0066B469 /* MCNavigationBar.m in Sources */,
				47E9134D1A8487710055AB69 /* MCParsedHTMLNode.m in Sources */,
				C649C84E1A8982B80087C340 /* MCDetailNewsTitleView.m in Sources */,
				C649C8181A8980F10087C340 /* HTMLNode.m in Sources */,
				15E3DB311A6B04BA002F4F4C /* main.m in Sources */,
				157314931AC0A7E600E65C02 /* BMYPullToRefreshView.m in Sources */,
				1561B4ED1ABD02B800AB6D5B /* UIImageView+AFNetworking.m in Sources */,
				CA90EF2D1A85B892005931CF /* MCRSSParser.m in Sources */,
				157314941AC0A7E600E65C02 /* UIScrollView+BMYPullToRefresh.m in Sources */,
				1561B4E11ABD02B800AB6D5B /* AFHTTPRequestOperationManager.m in Sources */,
				15DB97921A89112F0066B469 /* MCNavigationBarAppearanceStrategy.m in Sources */,
				C649C8671A90510F0087C340 /* MBProgressHUD.m in Sources */,
				E0B343C81A773F030081BE95 /* MCIntroHeader.m in Sources */,
				15DB97911A89112F0066B469 /* MCNavigationBarAppearanceBackgroundAlpha.m in Sources */,
				1561B4611ABB874700AB6D5B /* NSDate+TimeAgo.m in Sources */,
				CAEB8DCF1AC0298A006F5AD1 /* Motcha.xcdatamodeld in Sources */,
				1561B4E01ABD02B800AB6D5B /* AFHTTPRequestOperation.m in Sources */,
				1561B4E61ABD02B800AB6D5B /* AFURLRequestSerialization.m in Sources */,
				47E913321A84605D0055AB69 /* MCWebContentParser.m in Sources */,
				C649C84D1A8982B80087C340 /* MCDetailNewsMetaDataView.m in Sources */,
				1561B4E41ABD02B800AB6D5B /* AFSecurityPolicy.m in Sources */,
				1539C2841A9A75C300C32877 /* MCCategoryButton.m in Sources */,
			);
			runOnlyForDeploymentPostprocessing = 0;
		};
		15E3DB431A6B04BA002F4F4C /* Sources */ = {
			isa = PBXSourcesBuildPhase;
			buildActionMask = 2147483647;
			files = (
				15E3DB4E1A6B04BA002F4F4C /* motchaTests.m in Sources */,
			);
			runOnlyForDeploymentPostprocessing = 0;
		};
/* End PBXSourcesBuildPhase section */

/* Begin PBXTargetDependency section */
		15E3DB491A6B04BA002F4F4C /* PBXTargetDependency */ = {
			isa = PBXTargetDependency;
			target = 15E3DB2A1A6B04BA002F4F4C /* motcha */;
			targetProxy = 15E3DB481A6B04BA002F4F4C /* PBXContainerItemProxy */;
		};
/* End PBXTargetDependency section */

/* Begin PBXVariantGroup section */
		15E3DB401A6B04BA002F4F4C /* LaunchScreen.xib */ = {
			isa = PBXVariantGroup;
			children = (
				15E3DB411A6B04BA002F4F4C /* Base */,
			);
			name = LaunchScreen.xib;
			sourceTree = "<group>";
		};
/* End PBXVariantGroup section */

/* Begin XCBuildConfiguration section */
		15E3DB4F1A6B04BA002F4F4C /* Debug */ = {
			isa = XCBuildConfiguration;
			buildSettings = {
				ALWAYS_SEARCH_USER_PATHS = NO;
				CLANG_CXX_LANGUAGE_STANDARD = "gnu++0x";
				CLANG_CXX_LIBRARY = "libc++";
				CLANG_ENABLE_MODULES = YES;
				CLANG_ENABLE_OBJC_ARC = YES;
				CLANG_WARN_BOOL_CONVERSION = YES;
				CLANG_WARN_CONSTANT_CONVERSION = YES;
				CLANG_WARN_DIRECT_OBJC_ISA_USAGE = YES_ERROR;
				CLANG_WARN_EMPTY_BODY = YES;
				CLANG_WARN_ENUM_CONVERSION = YES;
				CLANG_WARN_INT_CONVERSION = YES;
				CLANG_WARN_OBJC_ROOT_CLASS = YES_ERROR;
				CLANG_WARN_UNREACHABLE_CODE = YES;
				CLANG_WARN__DUPLICATE_METHOD_MATCH = YES;
				"CODE_SIGN_IDENTITY[sdk=iphoneos*]" = "iPhone Developer";
				COPY_PHASE_STRIP = NO;
				ENABLE_STRICT_OBJC_MSGSEND = YES;
				GCC_C_LANGUAGE_STANDARD = gnu99;
				GCC_DYNAMIC_NO_PIC = NO;
				GCC_OPTIMIZATION_LEVEL = 0;
				GCC_PREPROCESSOR_DEFINITIONS = (
					"DEBUG=1",
					"$(inherited)",
				);
				GCC_SYMBOLS_PRIVATE_EXTERN = NO;
				GCC_WARN_64_TO_32_BIT_CONVERSION = YES;
				GCC_WARN_ABOUT_RETURN_TYPE = YES_ERROR;
				GCC_WARN_UNDECLARED_SELECTOR = YES;
				GCC_WARN_UNINITIALIZED_AUTOS = YES_AGGRESSIVE;
				GCC_WARN_UNUSED_FUNCTION = YES;
				GCC_WARN_UNUSED_VARIABLE = YES;
				IPHONEOS_DEPLOYMENT_TARGET = 8.1;
				MTL_ENABLE_DEBUG_INFO = YES;
				ONLY_ACTIVE_ARCH = YES;
				SDKROOT = iphoneos;
				TARGETED_DEVICE_FAMILY = "1,2";
			};
			name = Debug;
		};
		15E3DB501A6B04BA002F4F4C /* Release */ = {
			isa = XCBuildConfiguration;
			buildSettings = {
				ALWAYS_SEARCH_USER_PATHS = NO;
				CLANG_CXX_LANGUAGE_STANDARD = "gnu++0x";
				CLANG_CXX_LIBRARY = "libc++";
				CLANG_ENABLE_MODULES = YES;
				CLANG_ENABLE_OBJC_ARC = YES;
				CLANG_WARN_BOOL_CONVERSION = YES;
				CLANG_WARN_CONSTANT_CONVERSION = YES;
				CLANG_WARN_DIRECT_OBJC_ISA_USAGE = YES_ERROR;
				CLANG_WARN_EMPTY_BODY = YES;
				CLANG_WARN_ENUM_CONVERSION = YES;
				CLANG_WARN_INT_CONVERSION = YES;
				CLANG_WARN_OBJC_ROOT_CLASS = YES_ERROR;
				CLANG_WARN_UNREACHABLE_CODE = YES;
				CLANG_WARN__DUPLICATE_METHOD_MATCH = YES;
				"CODE_SIGN_IDENTITY[sdk=iphoneos*]" = "iPhone Developer";
				COPY_PHASE_STRIP = YES;
				ENABLE_NS_ASSERTIONS = NO;
				ENABLE_STRICT_OBJC_MSGSEND = YES;
				GCC_C_LANGUAGE_STANDARD = gnu99;
				GCC_WARN_64_TO_32_BIT_CONVERSION = YES;
				GCC_WARN_ABOUT_RETURN_TYPE = YES_ERROR;
				GCC_WARN_UNDECLARED_SELECTOR = YES;
				GCC_WARN_UNINITIALIZED_AUTOS = YES_AGGRESSIVE;
				GCC_WARN_UNUSED_FUNCTION = YES;
				GCC_WARN_UNUSED_VARIABLE = YES;
				IPHONEOS_DEPLOYMENT_TARGET = 8.1;
				MTL_ENABLE_DEBUG_INFO = NO;
				SDKROOT = iphoneos;
				TARGETED_DEVICE_FAMILY = "1,2";
				VALIDATE_PRODUCT = YES;
			};
			name = Release;
		};
		15E3DB521A6B04BA002F4F4C /* Debug */ = {
			isa = XCBuildConfiguration;
			buildSettings = {
				ASSETCATALOG_COMPILER_APPICON_NAME = AppIcon;
				CLANG_ENABLE_OBJC_ARC = YES;
				CODE_SIGN_IDENTITY = "iPhone Developer";
				HEADER_SEARCH_PATHS = /usr/include/libxml2;
				INFOPLIST_FILE = motcha/Info.plist;
				LD_RUNPATH_SEARCH_PATHS = "$(inherited) @executable_path/Frameworks";
				LIBRARY_SEARCH_PATHS = (
					"$(inherited)",
					"$(PROJECT_DIR)/motcha/ThirdParty/WeixinActivity/Resources",
				);
				OTHER_LDFLAGS = (
					"-ObjC",
					"-l\"sqlite3\"",
					"-l\"z\"",
					"-framework",
					"\"AudioToolbox\"",
					"-framework",
					"\"CFNetwork\"",
					"-framework",
					"\"CoreGraphics\"",
					"-framework",
					"\"CoreLocation\"",
					"-framework",
					"\"Foundation\"",
					"-framework",
					"\"MobileCoreServices\"",
					"-framework",
					"\"QuartzCore\"",
					"-framework",
					"\"Security\"",
					"-framework",
					"\"StoreKit\"",
					"-framework",
					"\"SystemConfiguration\"",
					"-framework",
					"\"UIKit\"",
					"-weak_framework",
					"\"Accounts\"",
					"-weak_framework",
					"\"AudioToolbox\"",
					"-weak_framework",
					"\"CoreGraphics\"",
					"-weak_framework",
					"\"CoreLocation\"",
					"-weak_framework",
					"\"Foundation\"",
					"-weak_framework",
					"\"QuartzCore\"",
					"-weak_framework",
					"\"Security\"",
					"-weak_framework",
					"\"Social\"",
					"-weak_framework",
					"\"UIKit\"",
				);
				PRODUCT_NAME = "$(TARGET_NAME)";
			};
			name = Debug;
		};
		15E3DB531A6B04BA002F4F4C /* Release */ = {
			isa = XCBuildConfiguration;
			buildSettings = {
				ASSETCATALOG_COMPILER_APPICON_NAME = AppIcon;
				CLANG_ENABLE_OBJC_ARC = YES;
				CODE_SIGN_IDENTITY = "iPhone Developer";
				HEADER_SEARCH_PATHS = /usr/include/libxml2;
				INFOPLIST_FILE = motcha/Info.plist;
				LD_RUNPATH_SEARCH_PATHS = "$(inherited) @executable_path/Frameworks";
				LIBRARY_SEARCH_PATHS = (
					"$(inherited)",
					"$(PROJECT_DIR)/motcha/ThirdParty/WeixinActivity/Resources",
				);
				OTHER_LDFLAGS = (
					"-ObjC",
					"-l\"sqlite3\"",
					"-l\"z\"",
					"-framework",
					"\"AudioToolbox\"",
					"-framework",
					"\"CFNetwork\"",
					"-framework",
					"\"CoreGraphics\"",
					"-framework",
					"\"CoreLocation\"",
					"-framework",
					"\"Foundation\"",
					"-framework",
					"\"MobileCoreServices\"",
					"-framework",
					"\"QuartzCore\"",
					"-framework",
					"\"Security\"",
					"-framework",
					"\"StoreKit\"",
					"-framework",
					"\"SystemConfiguration\"",
					"-framework",
					"\"UIKit\"",
					"-weak_framework",
					"\"Accounts\"",
					"-weak_framework",
					"\"AudioToolbox\"",
					"-weak_framework",
					"\"CoreGraphics\"",
					"-weak_framework",
					"\"CoreLocation\"",
					"-weak_framework",
					"\"Foundation\"",
					"-weak_framework",
					"\"QuartzCore\"",
					"-weak_framework",
					"\"Security\"",
					"-weak_framework",
					"\"Social\"",
					"-weak_framework",
					"\"UIKit\"",
				);
				PRODUCT_NAME = "$(TARGET_NAME)";
			};
			name = Release;
		};
		15E3DB551A6B04BA002F4F4C /* Debug */ = {
			isa = XCBuildConfiguration;
			buildSettings = {
				BUNDLE_LOADER = "$(TEST_HOST)";
				FRAMEWORK_SEARCH_PATHS = (
					"$(SDKROOT)/Developer/Library/Frameworks",
					"$(inherited)",
				);
				GCC_PREPROCESSOR_DEFINITIONS = (
					"DEBUG=1",
					"$(inherited)",
				);
				INFOPLIST_FILE = motchaTests/Info.plist;
				LD_RUNPATH_SEARCH_PATHS = "$(inherited) @executable_path/Frameworks @loader_path/Frameworks";
				PRODUCT_NAME = "$(TARGET_NAME)";
				TEST_HOST = "$(BUILT_PRODUCTS_DIR)/motcha.app/motcha";
			};
			name = Debug;
		};
		15E3DB561A6B04BA002F4F4C /* Release */ = {
			isa = XCBuildConfiguration;
			buildSettings = {
				BUNDLE_LOADER = "$(TEST_HOST)";
				FRAMEWORK_SEARCH_PATHS = (
					"$(SDKROOT)/Developer/Library/Frameworks",
					"$(inherited)",
				);
				INFOPLIST_FILE = motchaTests/Info.plist;
				LD_RUNPATH_SEARCH_PATHS = "$(inherited) @executable_path/Frameworks @loader_path/Frameworks";
				PRODUCT_NAME = "$(TARGET_NAME)";
				TEST_HOST = "$(BUILT_PRODUCTS_DIR)/motcha.app/motcha";
			};
			name = Release;
		};
/* End XCBuildConfiguration section */

/* Begin XCConfigurationList section */
		15E3DB261A6B04BA002F4F4C /* Build configuration list for PBXProject "motcha" */ = {
			isa = XCConfigurationList;
			buildConfigurations = (
				15E3DB4F1A6B04BA002F4F4C /* Debug */,
				15E3DB501A6B04BA002F4F4C /* Release */,
			);
			defaultConfigurationIsVisible = 0;
			defaultConfigurationName = Release;
		};
		15E3DB511A6B04BA002F4F4C /* Build configuration list for PBXNativeTarget "motcha" */ = {
			isa = XCConfigurationList;
			buildConfigurations = (
				15E3DB521A6B04BA002F4F4C /* Debug */,
				15E3DB531A6B04BA002F4F4C /* Release */,
			);
			defaultConfigurationIsVisible = 0;
			defaultConfigurationName = Release;
		};
		15E3DB541A6B04BA002F4F4C /* Build configuration list for PBXNativeTarget "motchaTests" */ = {
			isa = XCConfigurationList;
			buildConfigurations = (
				15E3DB551A6B04BA002F4F4C /* Debug */,
				15E3DB561A6B04BA002F4F4C /* Release */,
			);
			defaultConfigurationIsVisible = 0;
			defaultConfigurationName = Release;
		};
/* End XCConfigurationList section */

/* Begin XCVersionGroup section */
		CAEB8DCD1AC0298A006F5AD1 /* Motcha.xcdatamodeld */ = {
			isa = XCVersionGroup;
			children = (
				CAEB8DCE1AC0298A006F5AD1 /* Motcha.xcdatamodel */,
			);
			currentVersion = CAEB8DCE1AC0298A006F5AD1 /* Motcha.xcdatamodel */;
			path = Motcha.xcdatamodeld;
			sourceTree = "<group>";
			versionGroupType = wrapper.xcdatamodel;
		};
/* End XCVersionGroup section */
	};
	rootObject = 15E3DB231A6B04BA002F4F4C /* Project object */;
}
